// !$*UTF8*$!
{
	archiveVersion = 1;
	classes = {
	};
	objectVersion = 46;
	objects = {

/* Begin PBXBuildFile section */
		0B26BE6E1EC5BC3C00EEFB41 /* JitsiMeet.framework in Frameworks */ = {isa = PBXBuildFile; fileRef = 0B26BE6D1EC5BC3C00EEFB41 /* JitsiMeet.framework */; };
		0B26BE6F1EC5BC3C00EEFB41 /* JitsiMeet.framework in Embed Frameworks */ = {isa = PBXBuildFile; fileRef = 0B26BE6D1EC5BC3C00EEFB41 /* JitsiMeet.framework */; settings = {ATTRIBUTES = (CodeSignOnCopy, RemoveHeadersOnCopy, ); }; };
		0B412F1F1EDEE6E800B1A0A6 /* ViewController.m in Sources */ = {isa = PBXBuildFile; fileRef = 0B412F1E1EDEE6E800B1A0A6 /* ViewController.m */; };
		0B412F211EDEE95300B1A0A6 /* Main.storyboard in Resources */ = {isa = PBXBuildFile; fileRef = 0B412F201EDEE95300B1A0A6 /* Main.storyboard */; };
		0BD6B4371EF82A6B00D1F4CD /* WebRTC.framework in Frameworks */ = {isa = PBXBuildFile; fileRef = 0BD6B4361EF82A6B00D1F4CD /* WebRTC.framework */; };
		0BD6B4381EF82A6B00D1F4CD /* WebRTC.framework in Embed Frameworks */ = {isa = PBXBuildFile; fileRef = 0BD6B4361EF82A6B00D1F4CD /* WebRTC.framework */; settings = {ATTRIBUTES = (CodeSignOnCopy, RemoveHeadersOnCopy, ); }; };
		13B07FBC1A68108700A75B9A /* AppDelegate.m in Sources */ = {isa = PBXBuildFile; fileRef = 13B07FB01A68108700A75B9A /* AppDelegate.m */; };
		13B07FBD1A68108700A75B9A /* LaunchScreen.xib in Resources */ = {isa = PBXBuildFile; fileRef = 13B07FB11A68108700A75B9A /* LaunchScreen.xib */; };
		13B07FBF1A68108700A75B9A /* Images.xcassets in Resources */ = {isa = PBXBuildFile; fileRef = 13B07FB51A68108700A75B9A /* Images.xcassets */; };
		13B07FC11A68108700A75B9A /* main.m in Sources */ = {isa = PBXBuildFile; fileRef = 13B07FB71A68108700A75B9A /* main.m */; };
		4137C14A2449DC9C008864BB /* Launch Screen.storyboard in Resources */ = {isa = PBXBuildFile; fileRef = 4137C1492449DC9C008864BB /* Launch Screen.storyboard */; };
		695AF3ED6F686F9C5EE40F9A /* libPods-jitsi-meet.a in Frameworks */ = {isa = PBXBuildFile; fileRef = 489E8EFE2C720D10F5961AEF /* libPods-jitsi-meet.a */; };
		C9D335549B2E5405F5FDDFD5 /* libPods-ScreenRecorderHopp.a in Frameworks */ = {isa = PBXBuildFile; fileRef = D743D392A28815D357C72E08 /* libPods-ScreenRecorderHopp.a */; };
		DE4C456121DE1E4E00EA0709 /* FIRUtilities.m in Sources */ = {isa = PBXBuildFile; fileRef = DE4C455F21DE1E4E00EA0709 /* FIRUtilities.m */; };
		FC13295CB433662D15672279 /* libPods-ScreenRecorderHoppSetupUI.a in Frameworks */ = {isa = PBXBuildFile; fileRef = 6C7B4A2E99BD9C2F5FEDD410 /* libPods-ScreenRecorderHoppSetupUI.a */; };
		FE0025652492A75F00766AE2 /* JitsiMeet.framework in Frameworks */ = {isa = PBXBuildFile; fileRef = 0B26BE6D1EC5BC3C00EEFB41 /* JitsiMeet.framework */; };
		FE0025662492A75F00766AE2 /* JitsiMeet.framework in Embed Frameworks */ = {isa = PBXBuildFile; fileRef = 0B26BE6D1EC5BC3C00EEFB41 /* JitsiMeet.framework */; settings = {ATTRIBUTES = (CodeSignOnCopy, RemoveHeadersOnCopy, ); }; };
		FE01086024A9A4B7006CA22B /* Queue.swift in Sources */ = {isa = PBXBuildFile; fileRef = FE01085F24A9A4B7006CA22B /* Queue.swift */; };
		FE1CD4FE24B592CB00B4EE33 /* SocketShim.swift in Sources */ = {isa = PBXBuildFile; fileRef = FE1CD4FD24B592CB00B4EE33 /* SocketShim.swift */; };
		FE1E60DE24B4DE49000F2550 /* WebRTCModuleBridge.m in Sources */ = {isa = PBXBuildFile; fileRef = FE1E60DD24B4DE49000F2550 /* WebRTCModuleBridge.m */; };
		FE3141162497DD7300589973 /* JitsiMeet.framework in Frameworks */ = {isa = PBXBuildFile; fileRef = 0B26BE6D1EC5BC3C00EEFB41 /* JitsiMeet.framework */; };
		FE3141172497DD7300589973 /* JitsiMeet.framework in Embed Frameworks */ = {isa = PBXBuildFile; fileRef = 0B26BE6D1EC5BC3C00EEFB41 /* JitsiMeet.framework */; settings = {ATTRIBUTES = (CodeSignOnCopy, RemoveHeadersOnCopy, ); }; };
		FE816EAC248A550A004D900E /* RecordComponent.swift in Sources */ = {isa = PBXBuildFile; fileRef = FE816EAB248A550A004D900E /* RecordComponent.swift */; };
		FE816EAE248A587E004D900E /* RecordComponent.m in Sources */ = {isa = PBXBuildFile; fileRef = FE816EAD248A587E004D900E /* RecordComponent.m */; };
		FE816EB5248A5AD0004D900E /* ReplayKit.framework in Frameworks */ = {isa = PBXBuildFile; fileRef = FE816EB4248A5AD0004D900E /* ReplayKit.framework */; };
		FE816EB8248A5AD0004D900E /* SampleHandler.swift in Sources */ = {isa = PBXBuildFile; fileRef = FE816EB7248A5AD0004D900E /* SampleHandler.swift */; };
		FE816EBF248A5AD0004D900E /* ReplayKit.framework in Frameworks */ = {isa = PBXBuildFile; fileRef = FE816EB4248A5AD0004D900E /* ReplayKit.framework */; };
		FE816EC1248A5AD0004D900E /* UIKit.framework in Frameworks */ = {isa = PBXBuildFile; fileRef = FE816EC0248A5AD0004D900E /* UIKit.framework */; };
		FE816EC4248A5AD0004D900E /* BroadcastSetupViewController.swift in Sources */ = {isa = PBXBuildFile; fileRef = FE816EC3248A5AD0004D900E /* BroadcastSetupViewController.swift */; };
		FE816EC8248A5AD0004D900E /* ScreenRecorderHoppSetupUI.appex in Embed App Extensions */ = {isa = PBXBuildFile; fileRef = FE816EBE248A5AD0004D900E /* ScreenRecorderHoppSetupUI.appex */; settings = {ATTRIBUTES = (RemoveHeadersOnCopy, ); }; };
		FE816ECB248A5AD0004D900E /* ScreenRecorderHopp.appex in Embed App Extensions */ = {isa = PBXBuildFile; fileRef = FE816EB3248A5AD0004D900E /* ScreenRecorderHopp.appex */; settings = {ATTRIBUTES = (RemoveHeadersOnCopy, ); }; };
		FED1D3F724AA64DA00FA358E /* CustomBroadcastPickerView.swift in Sources */ = {isa = PBXBuildFile; fileRef = FED1D3F624AA64DA00FA358E /* CustomBroadcastPickerView.swift */; };
/* End PBXBuildFile section */

/* Begin PBXContainerItemProxy section */
		FE816EC6248A5AD0004D900E /* PBXContainerItemProxy */ = {
			isa = PBXContainerItemProxy;
			containerPortal = 83CBB9F71A601CBA00E9B192 /* Project object */;
			proxyType = 1;
			remoteGlobalIDString = FE816EBD248A5AD0004D900E;
			remoteInfo = ScreenRecorderHoppSetupUI;
		};
		FE816EC9248A5AD0004D900E /* PBXContainerItemProxy */ = {
			isa = PBXContainerItemProxy;
			containerPortal = 83CBB9F71A601CBA00E9B192 /* Project object */;
			proxyType = 1;
			remoteGlobalIDString = FE816EB2248A5AD0004D900E;
			remoteInfo = ScreenRecorderHopp;
		};
/* End PBXContainerItemProxy section */

/* Begin PBXCopyFilesBuildPhase section */
		0B26BE701EC5BC3C00EEFB41 /* Embed Frameworks */ = {
			isa = PBXCopyFilesBuildPhase;
			buildActionMask = 2147483647;
			dstPath = "";
			dstSubfolderSpec = 10;
			files = (
				0B26BE6F1EC5BC3C00EEFB41 /* JitsiMeet.framework in Embed Frameworks */,
				0BD6B4381EF82A6B00D1F4CD /* WebRTC.framework in Embed Frameworks */,
			);
			name = "Embed Frameworks";
			runOnlyForDeploymentPostprocessing = 0;
		};
		0BEA5C491F7B8F73000D0AB4 /* Embed Watch Content */ = {
			isa = PBXCopyFilesBuildPhase;
			buildActionMask = 2147483647;
			dstPath = "$(CONTENTS_FOLDER_PATH)/Watch";
			dstSubfolderSpec = 16;
			files = (
			);
			name = "Embed Watch Content";
			runOnlyForDeploymentPostprocessing = 0;
		};
		FE0025672492A75F00766AE2 /* Embed Frameworks */ = {
			isa = PBXCopyFilesBuildPhase;
			buildActionMask = 2147483647;
			dstPath = "";
			dstSubfolderSpec = 10;
			files = (
				FE0025662492A75F00766AE2 /* JitsiMeet.framework in Embed Frameworks */,
			);
			name = "Embed Frameworks";
			runOnlyForDeploymentPostprocessing = 0;
		};
		FE3141182497DD7300589973 /* Embed Frameworks */ = {
			isa = PBXCopyFilesBuildPhase;
			buildActionMask = 2147483647;
			dstPath = "";
			dstSubfolderSpec = 10;
			files = (
				FE3141172497DD7300589973 /* JitsiMeet.framework in Embed Frameworks */,
			);
			name = "Embed Frameworks";
			runOnlyForDeploymentPostprocessing = 0;
		};
		FE816ED2248A5AD0004D900E /* Embed App Extensions */ = {
			isa = PBXCopyFilesBuildPhase;
			buildActionMask = 2147483647;
			dstPath = "";
			dstSubfolderSpec = 13;
			files = (
				FE816EC8248A5AD0004D900E /* ScreenRecorderHoppSetupUI.appex in Embed App Extensions */,
				FE816ECB248A5AD0004D900E /* ScreenRecorderHopp.appex in Embed App Extensions */,
			);
			name = "Embed App Extensions";
			runOnlyForDeploymentPostprocessing = 0;
		};
/* End PBXCopyFilesBuildPhase section */

/* Begin PBXFileReference section */
		09AA3B93E4CC62D84B424690 /* Pods-jitsi-meet.release.xcconfig */ = {isa = PBXFileReference; includeInIndex = 1; lastKnownFileType = text.xcconfig; name = "Pods-jitsi-meet.release.xcconfig"; path = "../Pods/Target Support Files/Pods-jitsi-meet/Pods-jitsi-meet.release.xcconfig"; sourceTree = "<group>"; };
		0B26BE6D1EC5BC3C00EEFB41 /* JitsiMeet.framework */ = {isa = PBXFileReference; explicitFileType = wrapper.framework; path = JitsiMeet.framework; sourceTree = BUILT_PRODUCTS_DIR; };
		0B412F1D1EDEE6E800B1A0A6 /* ViewController.h */ = {isa = PBXFileReference; fileEncoding = 4; lastKnownFileType = sourcecode.c.h; path = ViewController.h; sourceTree = "<group>"; };
		0B412F1E1EDEE6E800B1A0A6 /* ViewController.m */ = {isa = PBXFileReference; fileEncoding = 4; lastKnownFileType = sourcecode.c.objc; path = ViewController.m; sourceTree = "<group>"; };
		0B412F201EDEE95300B1A0A6 /* Main.storyboard */ = {isa = PBXFileReference; fileEncoding = 4; lastKnownFileType = file.storyboard; name = Main.storyboard; path = Base.lproj/Main.storyboard; sourceTree = "<group>"; };
		0B5418461F7C5D8C00A2DD86 /* MeetingRowController.swift */ = {isa = PBXFileReference; lastKnownFileType = sourcecode.swift; path = MeetingRowController.swift; sourceTree = "<group>"; };
		0B70016F1F7C51CC005944F4 /* InCallController.swift */ = {isa = PBXFileReference; lastKnownFileType = sourcecode.swift; path = InCallController.swift; sourceTree = "<group>"; };
		0BBD021F212EB69D00CCB19F /* Types.h */ = {isa = PBXFileReference; lastKnownFileType = sourcecode.c.h; path = Types.h; sourceTree = "<group>"; };
		0BD6B4361EF82A6B00D1F4CD /* WebRTC.framework */ = {isa = PBXFileReference; lastKnownFileType = wrapper.framework; name = WebRTC.framework; path = "../../node_modules/react-native-webrtc/ios/WebRTC.framework"; sourceTree = "<group>"; };
		0BEA5C281F7B8F73000D0AB4 /* Base */ = {isa = PBXFileReference; lastKnownFileType = file.storyboard; name = Base; path = Base.lproj/Interface.storyboard; sourceTree = "<group>"; };
		0BEA5C2A1F7B8F73000D0AB4 /* Assets.xcassets */ = {isa = PBXFileReference; lastKnownFileType = folder.assetcatalog; path = Assets.xcassets; sourceTree = "<group>"; };
		0BEA5C2C1F7B8F73000D0AB4 /* Info.plist */ = {isa = PBXFileReference; lastKnownFileType = text.plist.xml; path = Info.plist; sourceTree = "<group>"; };
		0BEA5C361F7B8F73000D0AB4 /* InterfaceController.swift */ = {isa = PBXFileReference; lastKnownFileType = sourcecode.swift; path = InterfaceController.swift; sourceTree = "<group>"; };
		0BEA5C381F7B8F73000D0AB4 /* ExtensionDelegate.swift */ = {isa = PBXFileReference; lastKnownFileType = sourcecode.swift; path = ExtensionDelegate.swift; sourceTree = "<group>"; };
		0BEA5C3A1F7B8F73000D0AB4 /* ComplicationController.swift */ = {isa = PBXFileReference; lastKnownFileType = sourcecode.swift; path = ComplicationController.swift; sourceTree = "<group>"; };
		0BEA5C3C1F7B8F73000D0AB4 /* Assets.xcassets */ = {isa = PBXFileReference; lastKnownFileType = folder.assetcatalog; path = Assets.xcassets; sourceTree = "<group>"; };
		0BEA5C3E1F7B8F73000D0AB4 /* Info.plist */ = {isa = PBXFileReference; lastKnownFileType = text.plist.xml; path = Info.plist; sourceTree = "<group>"; };
		13B07F961A680F5B00A75B9A /* Digitales Klassenzimmer.app */ = {isa = PBXFileReference; explicitFileType = wrapper.application; includeInIndex = 0; path = "Digitales Klassenzimmer.app"; sourceTree = BUILT_PRODUCTS_DIR; };
		13B07FAF1A68108700A75B9A /* AppDelegate.h */ = {isa = PBXFileReference; fileEncoding = 4; lastKnownFileType = sourcecode.c.h; path = AppDelegate.h; sourceTree = "<group>"; };
		13B07FB01A68108700A75B9A /* AppDelegate.m */ = {isa = PBXFileReference; fileEncoding = 4; lastKnownFileType = sourcecode.c.objc; path = AppDelegate.m; sourceTree = "<group>"; };
		13B07FB21A68108700A75B9A /* Base */ = {isa = PBXFileReference; lastKnownFileType = file.xib; name = Base; path = Base.lproj/LaunchScreen.xib; sourceTree = "<group>"; };
		13B07FB51A68108700A75B9A /* Images.xcassets */ = {isa = PBXFileReference; lastKnownFileType = folder.assetcatalog; path = Images.xcassets; sourceTree = "<group>"; };
		13B07FB61A68108700A75B9A /* Info.plist */ = {isa = PBXFileReference; fileEncoding = 4; lastKnownFileType = text.plist.xml; path = Info.plist; sourceTree = "<group>"; };
		13B07FB71A68108700A75B9A /* main.m */ = {isa = PBXFileReference; fileEncoding = 4; lastKnownFileType = sourcecode.c.objc; path = main.m; sourceTree = "<group>"; };
		18A67354FAA8FC3517DE5C7E /* Pods-ScreenRecorderHoppSetupUI.release.xcconfig */ = {isa = PBXFileReference; includeInIndex = 1; lastKnownFileType = text.xcconfig; name = "Pods-ScreenRecorderHoppSetupUI.release.xcconfig"; path = "../Pods/Target Support Files/Pods-ScreenRecorderHoppSetupUI/Pods-ScreenRecorderHoppSetupUI.release.xcconfig"; sourceTree = "<group>"; };
		4137C1492449DC9C008864BB /* Launch Screen.storyboard */ = {isa = PBXFileReference; lastKnownFileType = file.storyboard; path = "Launch Screen.storyboard"; sourceTree = "<group>"; };
		4138E636245D9802005E19F6 /* jitsi-meet copy-Info.plist */ = {isa = PBXFileReference; lastKnownFileType = text.plist.xml; name = "jitsi-meet copy-Info.plist"; path = "/Users/ali/Documents/Projects/Work/tmp/jitsi-meet/ios/app/jitsi-meet copy-Info.plist"; sourceTree = "<absolute>"; };
		4670A512A688E2DC34528282 /* Pods-jitsi-meet.debug.xcconfig */ = {isa = PBXFileReference; includeInIndex = 1; lastKnownFileType = text.xcconfig; name = "Pods-jitsi-meet.debug.xcconfig"; path = "../Pods/Target Support Files/Pods-jitsi-meet/Pods-jitsi-meet.debug.xcconfig"; sourceTree = "<group>"; };
		489E8EFE2C720D10F5961AEF /* libPods-jitsi-meet.a */ = {isa = PBXFileReference; explicitFileType = archive.ar; includeInIndex = 0; path = "libPods-jitsi-meet.a"; sourceTree = BUILT_PRODUCTS_DIR; };
		6C7B4A2E99BD9C2F5FEDD410 /* libPods-ScreenRecorderHoppSetupUI.a */ = {isa = PBXFileReference; explicitFileType = archive.ar; includeInIndex = 0; path = "libPods-ScreenRecorderHoppSetupUI.a"; sourceTree = BUILT_PRODUCTS_DIR; };
		7EE42C41E1D55AF1CBE86C7B /* Pods-ScreenRecorderHopp.release.xcconfig */ = {isa = PBXFileReference; includeInIndex = 1; lastKnownFileType = text.xcconfig; name = "Pods-ScreenRecorderHopp.release.xcconfig"; path = "../Pods/Target Support Files/Pods-ScreenRecorderHopp/Pods-ScreenRecorderHopp.release.xcconfig"; sourceTree = "<group>"; };
		B3B083EB1D4955FF0069CEE7 /* app.entitlements */ = {isa = PBXFileReference; lastKnownFileType = text.plist.entitlements; path = app.entitlements; sourceTree = "<group>"; };
		B5F2805031146EB4E1C67234 /* Pods-ScreenRecorderHoppSetupUI.debug.xcconfig */ = {isa = PBXFileReference; includeInIndex = 1; lastKnownFileType = text.xcconfig; name = "Pods-ScreenRecorderHoppSetupUI.debug.xcconfig"; path = "../Pods/Target Support Files/Pods-ScreenRecorderHoppSetupUI/Pods-ScreenRecorderHoppSetupUI.debug.xcconfig"; sourceTree = "<group>"; };
		CF63262521DF3C06E1AC1ECD /* Pods-ScreenRecorderHopp.debug.xcconfig */ = {isa = PBXFileReference; includeInIndex = 1; lastKnownFileType = text.xcconfig; name = "Pods-ScreenRecorderHopp.debug.xcconfig"; path = "../Pods/Target Support Files/Pods-ScreenRecorderHopp/Pods-ScreenRecorderHopp.debug.xcconfig"; sourceTree = "<group>"; };
		D743D392A28815D357C72E08 /* libPods-ScreenRecorderHopp.a */ = {isa = PBXFileReference; explicitFileType = archive.ar; includeInIndex = 0; path = "libPods-ScreenRecorderHopp.a"; sourceTree = BUILT_PRODUCTS_DIR; };
		DE4C455F21DE1E4E00EA0709 /* FIRUtilities.m */ = {isa = PBXFileReference; fileEncoding = 4; lastKnownFileType = sourcecode.c.objc; path = FIRUtilities.m; sourceTree = "<group>"; };
		DE4C456021DE1E4E00EA0709 /* FIRUtilities.h */ = {isa = PBXFileReference; fileEncoding = 4; lastKnownFileType = sourcecode.c.h; path = FIRUtilities.h; sourceTree = "<group>"; };
		E58801132278944E008B0561 /* JitsiMeetContext.swift */ = {isa = PBXFileReference; lastKnownFileType = sourcecode.swift; path = JitsiMeetContext.swift; sourceTree = "<group>"; };
		E5C97B62227A1EB400199214 /* JitsiMeetCommands.swift */ = {isa = PBXFileReference; lastKnownFileType = sourcecode.swift; path = JitsiMeetCommands.swift; sourceTree = "<group>"; };
		FE01085F24A9A4B7006CA22B /* Queue.swift */ = {isa = PBXFileReference; lastKnownFileType = sourcecode.swift; path = Queue.swift; sourceTree = "<group>"; };
		FE1CD4FD24B592CB00B4EE33 /* SocketShim.swift */ = {isa = PBXFileReference; lastKnownFileType = sourcecode.swift; path = SocketShim.swift; sourceTree = "<group>"; };
		FE1E60DD24B4DE49000F2550 /* WebRTCModuleBridge.m */ = {isa = PBXFileReference; lastKnownFileType = sourcecode.c.objc; path = WebRTCModuleBridge.m; sourceTree = "<group>"; };
		FE816EAA248A550A004D900E /* jitsi-meet-Bridging-Header.h */ = {isa = PBXFileReference; lastKnownFileType = sourcecode.c.h; path = "jitsi-meet-Bridging-Header.h"; sourceTree = "<group>"; };
		FE816EAB248A550A004D900E /* RecordComponent.swift */ = {isa = PBXFileReference; lastKnownFileType = sourcecode.swift; path = RecordComponent.swift; sourceTree = "<group>"; };
		FE816EAD248A587E004D900E /* RecordComponent.m */ = {isa = PBXFileReference; lastKnownFileType = sourcecode.c.objc; path = RecordComponent.m; sourceTree = "<group>"; };
		FE816EB3248A5AD0004D900E /* ScreenRecorderHopp.appex */ = {isa = PBXFileReference; explicitFileType = "wrapper.app-extension"; includeInIndex = 0; path = ScreenRecorderHopp.appex; sourceTree = BUILT_PRODUCTS_DIR; };
		FE816EB4248A5AD0004D900E /* ReplayKit.framework */ = {isa = PBXFileReference; lastKnownFileType = wrapper.framework; name = ReplayKit.framework; path = System/Library/Frameworks/ReplayKit.framework; sourceTree = SDKROOT; };
		FE816EB7248A5AD0004D900E /* SampleHandler.swift */ = {isa = PBXFileReference; lastKnownFileType = sourcecode.swift; path = SampleHandler.swift; sourceTree = "<group>"; };
		FE816EB9248A5AD0004D900E /* Info.plist */ = {isa = PBXFileReference; lastKnownFileType = text.plist.xml; path = Info.plist; sourceTree = "<group>"; };
		FE816EBE248A5AD0004D900E /* ScreenRecorderHoppSetupUI.appex */ = {isa = PBXFileReference; explicitFileType = "wrapper.app-extension"; includeInIndex = 0; path = ScreenRecorderHoppSetupUI.appex; sourceTree = BUILT_PRODUCTS_DIR; };
		FE816EC0248A5AD0004D900E /* UIKit.framework */ = {isa = PBXFileReference; lastKnownFileType = wrapper.framework; name = UIKit.framework; path = System/Library/Frameworks/UIKit.framework; sourceTree = SDKROOT; };
		FE816EC3248A5AD0004D900E /* BroadcastSetupViewController.swift */ = {isa = PBXFileReference; lastKnownFileType = sourcecode.swift; path = BroadcastSetupViewController.swift; sourceTree = "<group>"; };
		FE816EC5248A5AD0004D900E /* Info.plist */ = {isa = PBXFileReference; lastKnownFileType = text.plist.xml; path = Info.plist; sourceTree = "<group>"; };
		FE97C44F249BA3D700D34880 /* ScreenRecorderHopp.entitlements */ = {isa = PBXFileReference; lastKnownFileType = text.plist.entitlements; path = ScreenRecorderHopp.entitlements; sourceTree = "<group>"; };
		FED1D3F624AA64DA00FA358E /* CustomBroadcastPickerView.swift */ = {isa = PBXFileReference; lastKnownFileType = sourcecode.swift; path = CustomBroadcastPickerView.swift; sourceTree = "<group>"; };
/* End PBXFileReference section */

/* Begin PBXFrameworksBuildPhase section */
		13B07F8C1A680F5B00A75B9A /* Frameworks */ = {
			isa = PBXFrameworksBuildPhase;
			buildActionMask = 2147483647;
			files = (
				0B26BE6E1EC5BC3C00EEFB41 /* JitsiMeet.framework in Frameworks */,
				0BD6B4371EF82A6B00D1F4CD /* WebRTC.framework in Frameworks */,
				695AF3ED6F686F9C5EE40F9A /* libPods-jitsi-meet.a in Frameworks */,
			);
			runOnlyForDeploymentPostprocessing = 0;
		};
		FE816EB0248A5AD0004D900E /* Frameworks */ = {
			isa = PBXFrameworksBuildPhase;
			buildActionMask = 2147483647;
			files = (
				FE816EB5248A5AD0004D900E /* ReplayKit.framework in Frameworks */,
				FE0025652492A75F00766AE2 /* JitsiMeet.framework in Frameworks */,
				C9D335549B2E5405F5FDDFD5 /* libPods-ScreenRecorderHopp.a in Frameworks */,
			);
			runOnlyForDeploymentPostprocessing = 0;
		};
		FE816EBB248A5AD0004D900E /* Frameworks */ = {
			isa = PBXFrameworksBuildPhase;
			buildActionMask = 2147483647;
			files = (
				FE3141162497DD7300589973 /* JitsiMeet.framework in Frameworks */,
				FE816EBF248A5AD0004D900E /* ReplayKit.framework in Frameworks */,
				FE816EC1248A5AD0004D900E /* UIKit.framework in Frameworks */,
				FC13295CB433662D15672279 /* libPods-ScreenRecorderHoppSetupUI.a in Frameworks */,
			);
			runOnlyForDeploymentPostprocessing = 0;
		};
/* End PBXFrameworksBuildPhase section */

/* Begin PBXGroup section */
		0B26BE711EC5BC4D00EEFB41 /* Frameworks */ = {
			isa = PBXGroup;
			children = (
				0B26BE6D1EC5BC3C00EEFB41 /* JitsiMeet.framework */,
				0BD6B4361EF82A6B00D1F4CD /* WebRTC.framework */,
				489E8EFE2C720D10F5961AEF /* libPods-jitsi-meet.a */,
				FE816EB4248A5AD0004D900E /* ReplayKit.framework */,
				FE816EC0248A5AD0004D900E /* UIKit.framework */,
				D743D392A28815D357C72E08 /* libPods-ScreenRecorderHopp.a */,
				6C7B4A2E99BD9C2F5FEDD410 /* libPods-ScreenRecorderHoppSetupUI.a */,
			);
			name = Frameworks;
			sourceTree = "<group>";
		};
		0BEA5C261F7B8F73000D0AB4 /* Watch app */ = {
			isa = PBXGroup;
			children = (
				0BEA5C271F7B8F73000D0AB4 /* Interface.storyboard */,
				0BEA5C2A1F7B8F73000D0AB4 /* Assets.xcassets */,
				0BEA5C2C1F7B8F73000D0AB4 /* Info.plist */,
			);
			name = "Watch app";
			path = watchos/app;
			sourceTree = "<group>";
		};
		0BEA5C351F7B8F73000D0AB4 /* WatchKit extension */ = {
			isa = PBXGroup;
			children = (
				0BEA5C361F7B8F73000D0AB4 /* InterfaceController.swift */,
				0BEA5C381F7B8F73000D0AB4 /* ExtensionDelegate.swift */,
				0BEA5C3A1F7B8F73000D0AB4 /* ComplicationController.swift */,
				0BEA5C3C1F7B8F73000D0AB4 /* Assets.xcassets */,
				0BEA5C3E1F7B8F73000D0AB4 /* Info.plist */,
				0B70016F1F7C51CC005944F4 /* InCallController.swift */,
				0B5418461F7C5D8C00A2DD86 /* MeetingRowController.swift */,
				E58801132278944E008B0561 /* JitsiMeetContext.swift */,
				E5C97B62227A1EB400199214 /* JitsiMeetCommands.swift */,
			);
			name = "WatchKit extension";
			path = watchos/extension;
			sourceTree = "<group>";
		};
		13B07FAE1A68108700A75B9A /* src */ = {
			isa = PBXGroup;
			children = (
				13B07FAF1A68108700A75B9A /* AppDelegate.h */,
				13B07FB01A68108700A75B9A /* AppDelegate.m */,
				DE4C456021DE1E4E00EA0709 /* FIRUtilities.h */,
				DE4C455F21DE1E4E00EA0709 /* FIRUtilities.m */,
				13B07FB51A68108700A75B9A /* Images.xcassets */,
				13B07FB61A68108700A75B9A /* Info.plist */,
				13B07FB11A68108700A75B9A /* LaunchScreen.xib */,
				13B07FB71A68108700A75B9A /* main.m */,
				0B412F201EDEE95300B1A0A6 /* Main.storyboard */,
				0BBD021F212EB69D00CCB19F /* Types.h */,
				0B412F1D1EDEE6E800B1A0A6 /* ViewController.h */,
				0B412F1E1EDEE6E800B1A0A6 /* ViewController.m */,
				4137C1492449DC9C008864BB /* Launch Screen.storyboard */,
				FE816EAB248A550A004D900E /* RecordComponent.swift */,
				FE816EAA248A550A004D900E /* jitsi-meet-Bridging-Header.h */,
				FE816EAD248A587E004D900E /* RecordComponent.m */,
				FE01085F24A9A4B7006CA22B /* Queue.swift */,
				FED1D3F624AA64DA00FA358E /* CustomBroadcastPickerView.swift */,
				FE1E60DD24B4DE49000F2550 /* WebRTCModuleBridge.m */,
				FE1CD4FD24B592CB00B4EE33 /* SocketShim.swift */,
			);
			path = src;
			sourceTree = "<group>";
		};
		5E96ADD5E49F3B3822EF9A52 /* Pods */ = {
			isa = PBXGroup;
			children = (
				4670A512A688E2DC34528282 /* Pods-jitsi-meet.debug.xcconfig */,
				09AA3B93E4CC62D84B424690 /* Pods-jitsi-meet.release.xcconfig */,
				CF63262521DF3C06E1AC1ECD /* Pods-ScreenRecorderHopp.debug.xcconfig */,
				7EE42C41E1D55AF1CBE86C7B /* Pods-ScreenRecorderHopp.release.xcconfig */,
				B5F2805031146EB4E1C67234 /* Pods-ScreenRecorderHoppSetupUI.debug.xcconfig */,
				18A67354FAA8FC3517DE5C7E /* Pods-ScreenRecorderHoppSetupUI.release.xcconfig */,
			);
			name = Pods;
			sourceTree = "<group>";
		};
		83CBB9F61A601CBA00E9B192 = {
			isa = PBXGroup;
			children = (
				B3B083EB1D4955FF0069CEE7 /* app.entitlements */,
				FE816EB6248A5AD0004D900E /* ScreenRecorderHopp */,
				FE816EC2248A5AD0004D900E /* ScreenRecorderHoppSetupUI */,
				0B26BE711EC5BC4D00EEFB41 /* Frameworks */,
				83CBBA001A601CBA00E9B192 /* Products */,
				13B07FAE1A68108700A75B9A /* src */,
				5E96ADD5E49F3B3822EF9A52 /* Pods */,
				0BEA5C261F7B8F73000D0AB4 /* Watch app */,
				0BEA5C351F7B8F73000D0AB4 /* WatchKit extension */,
				4138E636245D9802005E19F6 /* jitsi-meet copy-Info.plist */,
			);
			indentWidth = 2;
			sourceTree = "<group>";
			tabWidth = 2;
		};
		83CBBA001A601CBA00E9B192 /* Products */ = {
			isa = PBXGroup;
			children = (
				13B07F961A680F5B00A75B9A /* Digitales Klassenzimmer.app */,
				FE816EB3248A5AD0004D900E /* ScreenRecorderHopp.appex */,
				FE816EBE248A5AD0004D900E /* ScreenRecorderHoppSetupUI.appex */,
			);
			name = Products;
			sourceTree = "<group>";
		};
		FE816EB6248A5AD0004D900E /* ScreenRecorderHopp */ = {
			isa = PBXGroup;
			children = (
				FE97C44F249BA3D700D34880 /* ScreenRecorderHopp.entitlements */,
				FE816EB7248A5AD0004D900E /* SampleHandler.swift */,
				FE816EB9248A5AD0004D900E /* Info.plist */,
			);
			path = ScreenRecorderHopp;
			sourceTree = "<group>";
		};
		FE816EC2248A5AD0004D900E /* ScreenRecorderHoppSetupUI */ = {
			isa = PBXGroup;
			children = (
				FE816EC3248A5AD0004D900E /* BroadcastSetupViewController.swift */,
				FE816EC5248A5AD0004D900E /* Info.plist */,
			);
			path = ScreenRecorderHoppSetupUI;
			sourceTree = "<group>";
		};
/* End PBXGroup section */

/* Begin PBXNativeTarget section */
		13B07F861A680F5B00A75B9A /* jitsi-meet */ = {
			isa = PBXNativeTarget;
			buildConfigurationList = 13B07F931A680F5B00A75B9A /* Build configuration list for PBXNativeTarget "jitsi-meet" */;
			buildPhases = (
				B6607F42A5CF0C76E98929E2 /* [CP] Check Pods Manifest.lock */,
				0BBA83C41EC9F7600075A103 /* Run React packager */,
				13B07F871A680F5B00A75B9A /* Sources */,
				13B07F8C1A680F5B00A75B9A /* Frameworks */,
				13B07F8E1A680F5B00A75B9A /* Resources */,
				0B26BE701EC5BC3C00EEFB41 /* Embed Frameworks */,
				B35383AD1DDA0083008F406A /* Adjust embedded framework architectures */,
				0BB7DA181EC9E695007AAE98 /* Adjust ATS */,
				DEF4813D224925A2002AD03A /* Copy Google Plist file */,
				DEC2069321CBBD6900072F03 /* Setup Crashlytics */,
				DE11877A21EE09640078D059 /* Setup Google reverse URL handler */,
				DE4F6D6E22005C0400DE699E /* Setup Dropbox */,
				0BEA5C491F7B8F73000D0AB4 /* Embed Watch Content */,
				FE816ED2248A5AD0004D900E /* Embed App Extensions */,
			);
			buildRules = (
			);
			dependencies = (
				FE816EC7248A5AD0004D900E /* PBXTargetDependency */,
				FE816ECA248A5AD0004D900E /* PBXTargetDependency */,
			);
			name = "jitsi-meet";
			productName = "Jitsi Meet";
			productReference = 13B07F961A680F5B00A75B9A /* Digitales Klassenzimmer.app */;
			productType = "com.apple.product-type.application";
		};
		FE816EB2248A5AD0004D900E /* ScreenRecorderHopp */ = {
			isa = PBXNativeTarget;
			buildConfigurationList = FE816ECF248A5AD0004D900E /* Build configuration list for PBXNativeTarget "ScreenRecorderHopp" */;
			buildPhases = (
				8E9335F5AA6073F2D5D422D0 /* [CP] Check Pods Manifest.lock */,
				FE816EAF248A5AD0004D900E /* Sources */,
				FE816EB0248A5AD0004D900E /* Frameworks */,
				FE816EB1248A5AD0004D900E /* Resources */,
				FE0025672492A75F00766AE2 /* Embed Frameworks */,
			);
			buildRules = (
			);
			dependencies = (
			);
			name = ScreenRecorderHopp;
			productName = ScreenRecorderHopp;
			productReference = FE816EB3248A5AD0004D900E /* ScreenRecorderHopp.appex */;
			productType = "com.apple.product-type.app-extension";
		};
		FE816EBD248A5AD0004D900E /* ScreenRecorderHoppSetupUI */ = {
			isa = PBXNativeTarget;
			buildConfigurationList = FE816ECC248A5AD0004D900E /* Build configuration list for PBXNativeTarget "ScreenRecorderHoppSetupUI" */;
			buildPhases = (
				254721C8417D070DC4DC6C2D /* [CP] Check Pods Manifest.lock */,
				FE816EBA248A5AD0004D900E /* Sources */,
				FE816EBB248A5AD0004D900E /* Frameworks */,
				FE816EBC248A5AD0004D900E /* Resources */,
				FE3141182497DD7300589973 /* Embed Frameworks */,
			);
			buildRules = (
			);
			dependencies = (
			);
			name = ScreenRecorderHoppSetupUI;
			productName = ScreenRecorderHoppSetupUI;
			productReference = FE816EBE248A5AD0004D900E /* ScreenRecorderHoppSetupUI.appex */;
			productType = "com.apple.product-type.app-extension";
		};
/* End PBXNativeTarget section */

/* Begin PBXProject section */
		83CBB9F71A601CBA00E9B192 /* Project object */ = {
			isa = PBXProject;
			attributes = {
				LastSwiftUpdateCheck = 1130;
				LastUpgradeCheck = 1020;
				ORGANIZATIONNAME = Facebook;
				TargetAttributes = {
					13B07F861A680F5B00A75B9A = {
						DevelopmentTeam = 54B7FUCZ25;
						LastSwiftMigration = 1130;
						ProvisioningStyle = Automatic;
						SystemCapabilities = {
							com.apple.SafariKeychain = {
								enabled = 1;
							};
							com.apple.Siri = {
								enabled = 1;
							};
						};
					};
					FE816EB2248A5AD0004D900E = {
						CreatedOnToolsVersion = 11.3;
						DevelopmentTeam = 54B7FUCZ25;
						ProvisioningStyle = Automatic;
					};
					FE816EBD248A5AD0004D900E = {
						CreatedOnToolsVersion = 11.3;
						DevelopmentTeam = 54B7FUCZ25;
						ProvisioningStyle = Automatic;
					};
				};
			};
			buildConfigurationList = 83CBB9FA1A601CBA00E9B192 /* Build configuration list for PBXProject "app" */;
			compatibilityVersion = "Xcode 3.2";
			developmentRegion = en;
			hasScannedForEncodings = 0;
			knownRegions = (
				en,
				Base,
			);
			mainGroup = 83CBB9F61A601CBA00E9B192;
			productRefGroup = 83CBBA001A601CBA00E9B192 /* Products */;
			projectDirPath = "";
			projectRoot = "";
			targets = (
				13B07F861A680F5B00A75B9A /* jitsi-meet */,
				FE816EB2248A5AD0004D900E /* ScreenRecorderHopp */,
				FE816EBD248A5AD0004D900E /* ScreenRecorderHoppSetupUI */,
			);
		};
/* End PBXProject section */

/* Begin PBXResourcesBuildPhase section */
		13B07F8E1A680F5B00A75B9A /* Resources */ = {
			isa = PBXResourcesBuildPhase;
			buildActionMask = 2147483647;
			files = (
				0B412F211EDEE95300B1A0A6 /* Main.storyboard in Resources */,
				13B07FBF1A68108700A75B9A /* Images.xcassets in Resources */,
				4137C14A2449DC9C008864BB /* Launch Screen.storyboard in Resources */,
				13B07FBD1A68108700A75B9A /* LaunchScreen.xib in Resources */,
			);
			runOnlyForDeploymentPostprocessing = 0;
		};
		FE816EB1248A5AD0004D900E /* Resources */ = {
			isa = PBXResourcesBuildPhase;
			buildActionMask = 2147483647;
			files = (
			);
			runOnlyForDeploymentPostprocessing = 0;
		};
		FE816EBC248A5AD0004D900E /* Resources */ = {
			isa = PBXResourcesBuildPhase;
			buildActionMask = 2147483647;
			files = (
			);
			runOnlyForDeploymentPostprocessing = 0;
		};
/* End PBXResourcesBuildPhase section */

/* Begin PBXShellScriptBuildPhase section */
		0BB7DA181EC9E695007AAE98 /* Adjust ATS */ = {
			isa = PBXShellScriptBuildPhase;
			buildActionMask = 2147483647;
			files = (
			);
			inputPaths = (
			);
			name = "Adjust ATS";
			outputPaths = (
			);
			runOnlyForDeploymentPostprocessing = 0;
			shellPath = /bin/sh;
			shellScript = "../scripts/fixup-ats.sh\n";
		};
		0BBA83C41EC9F7600075A103 /* Run React packager */ = {
			isa = PBXShellScriptBuildPhase;
			buildActionMask = 2147483647;
			files = (
			);
			inputPaths = (
			);
			name = "Run React packager";
			outputPaths = (
			);
			runOnlyForDeploymentPostprocessing = 0;
			shellPath = /bin/sh;
			shellScript = "../scripts/run-packager.sh\n";
		};
		254721C8417D070DC4DC6C2D /* [CP] Check Pods Manifest.lock */ = {
			isa = PBXShellScriptBuildPhase;
			buildActionMask = 2147483647;
			files = (
			);
			inputFileListPaths = (
			);
			inputPaths = (
				"${PODS_PODFILE_DIR_PATH}/Podfile.lock",
				"${PODS_ROOT}/Manifest.lock",
			);
			name = "[CP] Check Pods Manifest.lock";
			outputFileListPaths = (
			);
			outputPaths = (
				"$(DERIVED_FILE_DIR)/Pods-ScreenRecorderHoppSetupUI-checkManifestLockResult.txt",
			);
			runOnlyForDeploymentPostprocessing = 0;
			shellPath = /bin/sh;
			shellScript = "diff \"${PODS_PODFILE_DIR_PATH}/Podfile.lock\" \"${PODS_ROOT}/Manifest.lock\" > /dev/null\nif [ $? != 0 ] ; then\n    # print error to STDERR\n    echo \"error: The sandbox is not in sync with the Podfile.lock. Run 'pod install' or update your CocoaPods installation.\" >&2\n    exit 1\nfi\n# This output is used by Xcode 'outputs' to avoid re-running this script phase.\necho \"SUCCESS\" > \"${SCRIPT_OUTPUT_FILE_0}\"\n";
			showEnvVarsInLog = 0;
		};
		8E9335F5AA6073F2D5D422D0 /* [CP] Check Pods Manifest.lock */ = {
			isa = PBXShellScriptBuildPhase;
			buildActionMask = 2147483647;
			files = (
			);
			inputFileListPaths = (
			);
			inputPaths = (
				"${PODS_PODFILE_DIR_PATH}/Podfile.lock",
				"${PODS_ROOT}/Manifest.lock",
			);
			name = "[CP] Check Pods Manifest.lock";
			outputFileListPaths = (
			);
			outputPaths = (
				"$(DERIVED_FILE_DIR)/Pods-ScreenRecorderHopp-checkManifestLockResult.txt",
			);
			runOnlyForDeploymentPostprocessing = 0;
			shellPath = /bin/sh;
			shellScript = "diff \"${PODS_PODFILE_DIR_PATH}/Podfile.lock\" \"${PODS_ROOT}/Manifest.lock\" > /dev/null\nif [ $? != 0 ] ; then\n    # print error to STDERR\n    echo \"error: The sandbox is not in sync with the Podfile.lock. Run 'pod install' or update your CocoaPods installation.\" >&2\n    exit 1\nfi\n# This output is used by Xcode 'outputs' to avoid re-running this script phase.\necho \"SUCCESS\" > \"${SCRIPT_OUTPUT_FILE_0}\"\n";
			showEnvVarsInLog = 0;
		};
		B35383AD1DDA0083008F406A /* Adjust embedded framework architectures */ = {
			isa = PBXShellScriptBuildPhase;
			buildActionMask = 2147483647;
			files = (
			);
			inputPaths = (
			);
			name = "Adjust embedded framework architectures";
			outputPaths = (
			);
			runOnlyForDeploymentPostprocessing = 0;
			shellPath = /bin/sh;
			shellScript = "../scripts/fixup-frameworks.sh\n";
		};
		B6607F42A5CF0C76E98929E2 /* [CP] Check Pods Manifest.lock */ = {
			isa = PBXShellScriptBuildPhase;
			buildActionMask = 2147483647;
			files = (
			);
			inputFileListPaths = (
			);
			inputPaths = (
				"${PODS_PODFILE_DIR_PATH}/Podfile.lock",
				"${PODS_ROOT}/Manifest.lock",
			);
			name = "[CP] Check Pods Manifest.lock";
			outputFileListPaths = (
			);
			outputPaths = (
				"$(DERIVED_FILE_DIR)/Pods-jitsi-meet-checkManifestLockResult.txt",
			);
			runOnlyForDeploymentPostprocessing = 0;
			shellPath = /bin/sh;
			shellScript = "diff \"${PODS_PODFILE_DIR_PATH}/Podfile.lock\" \"${PODS_ROOT}/Manifest.lock\" > /dev/null\nif [ $? != 0 ] ; then\n    # print error to STDERR\n    echo \"error: The sandbox is not in sync with the Podfile.lock. Run 'pod install' or update your CocoaPods installation.\" >&2\n    exit 1\nfi\n# This output is used by Xcode 'outputs' to avoid re-running this script phase.\necho \"SUCCESS\" > \"${SCRIPT_OUTPUT_FILE_0}\"\n";
			showEnvVarsInLog = 0;
		};
		DE11877A21EE09640078D059 /* Setup Google reverse URL handler */ = {
			isa = PBXShellScriptBuildPhase;
			buildActionMask = 2147483647;
			files = (
			);
			inputFileListPaths = (
			);
			inputPaths = (
			);
			name = "Setup Google reverse URL handler";
			outputFileListPaths = (
			);
			outputPaths = (
			);
			runOnlyForDeploymentPostprocessing = 0;
			shellPath = /bin/sh;
			shellScript = "INFO_PLIST=\"$BUILT_PRODUCTS_DIR/$INFOPLIST_PATH\"\nGOOGLE_PLIST=\"$PROJECT_DIR/GoogleService-Info.plist\"\n\nif [[ -f $GOOGLE_PLIST ]]; then\n    REVERSED_CLIENT_ID=$(/usr/libexec/PlistBuddy -c \"Print :REVERSED_CLIENT_ID:\" $GOOGLE_PLIST)\n    /usr/libexec/PlistBuddy -c \"Set :CFBundleURLTypes:1:CFBundleURLSchemes:0 $REVERSED_CLIENT_ID\" $INFO_PLIST\nfi\n";
		};
		DE4F6D6E22005C0400DE699E /* Setup Dropbox */ = {
			isa = PBXShellScriptBuildPhase;
			buildActionMask = 2147483647;
			files = (
			);
			inputFileListPaths = (
			);
			inputPaths = (
			);
			name = "Setup Dropbox";
			outputFileListPaths = (
			);
			outputPaths = (
			);
			runOnlyForDeploymentPostprocessing = 0;
			shellPath = /bin/sh;
			shellScript = "INFO_PLIST=\"$BUILT_PRODUCTS_DIR/$INFOPLIST_PATH\"\nDROPBOX_KEY_FILE=\"$PROJECT_DIR/dropbox.key\"\n\nif [[ -f $DROPBOX_KEY_FILE ]]; then\n    /usr/libexec/PlistBuddy -c \"Delete :LSApplicationQueriesSchemes\" $INFO_PLIST\n    /usr/libexec/PlistBuddy -c \"Add :LSApplicationQueriesSchemes array\" $INFO_PLIST\n    /usr/libexec/PlistBuddy -c \"Add :LSApplicationQueriesSchemes:0 string 'dbapi-2'\" $INFO_PLIST\n    /usr/libexec/PlistBuddy -c \"Add :LSApplicationQueriesSchemes:1 string 'dbapi-8-emm'\" $INFO_PLIST\n\n    DROPBOX_KEY=$(head -n 1 $DROPBOX_KEY_FILE)\n    /usr/libexec/PlistBuddy -c \"Add :CFBundleURLTypes:2:CFBundleURLName string dropbox\" $INFO_PLIST\n    /usr/libexec/PlistBuddy -c \"Add :CFBundleURLTypes:2:CFBundleURLSchemes array\" $INFO_PLIST\n    /usr/libexec/PlistBuddy -c \"Add :CFBundleURLTypes:2:CFBundleURLSchemes:0 string $DROPBOX_KEY\" $INFO_PLIST\nfi\n";
		};
		DEC2069321CBBD6900072F03 /* Setup Crashlytics */ = {
			isa = PBXShellScriptBuildPhase;
			buildActionMask = 2147483647;
			files = (
			);
			inputFileListPaths = (
			);
			inputPaths = (
			);
			name = "Setup Crashlytics";
			outputFileListPaths = (
			);
			outputPaths = (
			);
			runOnlyForDeploymentPostprocessing = 0;
			shellPath = /bin/sh;
			shellScript = "GOOGLE_PLIST=\"$PROJECT_DIR/GoogleService-Info.plist\"\n\nif [[ -f $GOOGLE_PLIST ]]; then\n    if [ \"${CONFIGURATION}\" != \"Debug\" ]; then\n        find \"${DWARF_DSYM_FOLDER_PATH}\" -name \"*.dSYM\" | xargs -I \\{\\} ${PODS_ROOT}/Fabric/upload-symbols -gsp $GOOGLE_PLIST -p ios \\{\\}\n    fi\nfi\n";
		};
		DEF4813D224925A2002AD03A /* Copy Google Plist file */ = {
			isa = PBXShellScriptBuildPhase;
			buildActionMask = 2147483647;
			files = (
			);
			inputFileListPaths = (
			);
			inputPaths = (
			);
			name = "Copy Google Plist file";
			outputFileListPaths = (
			);
			outputPaths = (
			);
			runOnlyForDeploymentPostprocessing = 0;
			shellPath = /bin/sh;
			shellScript = "GOOGLE_PLIST_NAME=\"GoogleService-Info.plist\"\nGOOGLE_PLIST=\"$PROJECT_DIR/$GOOGLE_PLIST_NAME\"\nBUILD_APP_DIR=\"$BUILT_PRODUCTS_DIR/$PRODUCT_NAME.app\"\n\nif [[ -f $GOOGLE_PLIST ]]; then\n    cp $GOOGLE_PLIST \"$BUILD_APP_DIR/$GOOGLE_PLIST_NAME\"\nfi\n";
		};
/* End PBXShellScriptBuildPhase section */

/* Begin PBXSourcesBuildPhase section */
		13B07F871A680F5B00A75B9A /* Sources */ = {
			isa = PBXSourcesBuildPhase;
			buildActionMask = 2147483647;
			files = (
				FE816EAE248A587E004D900E /* RecordComponent.m in Sources */,
				FED1D3F724AA64DA00FA358E /* CustomBroadcastPickerView.swift in Sources */,
				FE01086024A9A4B7006CA22B /* Queue.swift in Sources */,
				FE1CD4FE24B592CB00B4EE33 /* SocketShim.swift in Sources */,
				0B412F1F1EDEE6E800B1A0A6 /* ViewController.m in Sources */,
				13B07FBC1A68108700A75B9A /* AppDelegate.m in Sources */,
				FE816EAC248A550A004D900E /* RecordComponent.swift in Sources */,
				FE1E60DE24B4DE49000F2550 /* WebRTCModuleBridge.m in Sources */,
				DE4C456121DE1E4E00EA0709 /* FIRUtilities.m in Sources */,
				13B07FC11A68108700A75B9A /* main.m in Sources */,
			);
			runOnlyForDeploymentPostprocessing = 0;
		};
		FE816EAF248A5AD0004D900E /* Sources */ = {
			isa = PBXSourcesBuildPhase;
			buildActionMask = 2147483647;
			files = (
				FE816EB8248A5AD0004D900E /* SampleHandler.swift in Sources */,
			);
			runOnlyForDeploymentPostprocessing = 0;
		};
		FE816EBA248A5AD0004D900E /* Sources */ = {
			isa = PBXSourcesBuildPhase;
			buildActionMask = 2147483647;
			files = (
				FE816EC4248A5AD0004D900E /* BroadcastSetupViewController.swift in Sources */,
			);
			runOnlyForDeploymentPostprocessing = 0;
		};
/* End PBXSourcesBuildPhase section */

/* Begin PBXTargetDependency section */
		FE816EC7248A5AD0004D900E /* PBXTargetDependency */ = {
			isa = PBXTargetDependency;
			target = FE816EBD248A5AD0004D900E /* ScreenRecorderHoppSetupUI */;
			targetProxy = FE816EC6248A5AD0004D900E /* PBXContainerItemProxy */;
		};
		FE816ECA248A5AD0004D900E /* PBXTargetDependency */ = {
			isa = PBXTargetDependency;
			target = FE816EB2248A5AD0004D900E /* ScreenRecorderHopp */;
			targetProxy = FE816EC9248A5AD0004D900E /* PBXContainerItemProxy */;
		};
/* End PBXTargetDependency section */

/* Begin PBXVariantGroup section */
		0BEA5C271F7B8F73000D0AB4 /* Interface.storyboard */ = {
			isa = PBXVariantGroup;
			children = (
				0BEA5C281F7B8F73000D0AB4 /* Base */,
			);
			name = Interface.storyboard;
			sourceTree = "<group>";
		};
		13B07FB11A68108700A75B9A /* LaunchScreen.xib */ = {
			isa = PBXVariantGroup;
			children = (
				13B07FB21A68108700A75B9A /* Base */,
			);
			name = LaunchScreen.xib;
			sourceTree = "<group>";
		};
/* End PBXVariantGroup section */

/* Begin XCBuildConfiguration section */
		13B07F941A680F5B00A75B9A /* Debug */ = {
			isa = XCBuildConfiguration;
			baseConfigurationReference = 4670A512A688E2DC34528282 /* Pods-jitsi-meet.debug.xcconfig */;
			buildSettings = {
				ALWAYS_EMBED_SWIFT_STANDARD_LIBRARIES = YES;
				ASSETCATALOG_COMPILER_APPICON_NAME = AppIconRelease;
				CLANG_ENABLE_MODULES = YES;
				CODE_SIGN_ENTITLEMENTS = app.entitlements;
				CODE_SIGN_IDENTITY = "iPhone Developer";
				CODE_SIGN_STYLE = Automatic;
				CURRENT_PROJECT_VERSION = 1;
				DEAD_CODE_STRIPPING = YES;
				DEFINES_MODULE = YES;
				DEVELOPMENT_TEAM = 54B7FUCZ25;
				ENABLE_BITCODE = NO;
				FRAMEWORK_SEARCH_PATHS = (
					"$(inherited)",
					"../../node_modules/react-native-webrtc/ios",
				);
				HEADER_SEARCH_PATHS = (
					"$(inherited)",
					/Applications/Xcode.app/Contents/Developer/Toolchains/XcodeDefault.xctoolchain/usr/include,
				);
				INFOPLIST_FILE = src/Info.plist;
				LD_RUNPATH_SEARCH_PATHS = "$(inherited) @executable_path/Frameworks";
				LIBRARY_SEARCH_PATHS = "$(inherited)";
				MARKETING_VERSION = 1.0.8;
				OTHER_LDFLAGS = (
					"$(inherited)",
					"-ObjC",
					"-lc++",
				);
				PRODUCT_BUNDLE_IDENTIFIER = "de.hopp-foundation.screenshare";
				PRODUCT_NAME = "Digitales Klassenzimmer";
				PROVISIONING_PROFILE_SPECIFIER = "";
				SWIFT_OBJC_BRIDGING_HEADER = "src/jitsi-meet-Bridging-Header.h";
				SWIFT_OPTIMIZATION_LEVEL = "-Onone";
				SWIFT_VERSION = 5.0;
			};
			name = Debug;
		};
		13B07F951A680F5B00A75B9A /* Release */ = {
			isa = XCBuildConfiguration;
			baseConfigurationReference = 09AA3B93E4CC62D84B424690 /* Pods-jitsi-meet.release.xcconfig */;
			buildSettings = {
				ALWAYS_EMBED_SWIFT_STANDARD_LIBRARIES = YES;
				ASSETCATALOG_COMPILER_APPICON_NAME = AppIconRelease;
				CLANG_ENABLE_MODULES = YES;
				CODE_SIGN_ENTITLEMENTS = app.entitlements;
				CODE_SIGN_IDENTITY = "iPhone Developer";
				CODE_SIGN_STYLE = Automatic;
				CURRENT_PROJECT_VERSION = 1;
				DEFINES_MODULE = YES;
				DEVELOPMENT_TEAM = 54B7FUCZ25;
				ENABLE_BITCODE = YES;
				FRAMEWORK_SEARCH_PATHS = (
					"$(inherited)",
					"../../node_modules/react-native-webrtc/ios",
				);
				HEADER_SEARCH_PATHS = (
					"$(inherited)",
					/Applications/Xcode.app/Contents/Developer/Toolchains/XcodeDefault.xctoolchain/usr/include,
				);
				INFOPLIST_FILE = src/Info.plist;
				LD_RUNPATH_SEARCH_PATHS = "$(inherited) @executable_path/Frameworks";
				LIBRARY_SEARCH_PATHS = "$(inherited)";
				MARKETING_VERSION = 1.0.8;
				OTHER_LDFLAGS = (
					"$(inherited)",
					"-ObjC",
					"-lc++",
				);
				PRODUCT_BUNDLE_IDENTIFIER = "de.hopp-foundation.screenshare";
				PRODUCT_NAME = "Digitales Klassenzimmer";
				PROVISIONING_PROFILE_SPECIFIER = "";
				SWIFT_OBJC_BRIDGING_HEADER = "src/jitsi-meet-Bridging-Header.h";
				SWIFT_VERSION = 5.0;
			};
			name = Release;
		};
		83CBBA201A601CBA00E9B192 /* Debug */ = {
			isa = XCBuildConfiguration;
			buildSettings = {
				ALWAYS_SEARCH_USER_PATHS = NO;
				CLANG_ANALYZER_LOCALIZABILITY_NONLOCALIZED = YES;
				CLANG_CXX_LANGUAGE_STANDARD = "gnu++0x";
				CLANG_CXX_LIBRARY = "libc++";
				CLANG_ENABLE_MODULES = YES;
				CLANG_ENABLE_OBJC_ARC = YES;
				CLANG_WARN_BLOCK_CAPTURE_AUTORELEASING = YES;
				CLANG_WARN_BOOL_CONVERSION = YES;
				CLANG_WARN_COMMA = YES;
				CLANG_WARN_CONSTANT_CONVERSION = YES;
				CLANG_WARN_DEPRECATED_OBJC_IMPLEMENTATIONS = YES;
				CLANG_WARN_DIRECT_OBJC_ISA_USAGE = YES_ERROR;
				CLANG_WARN_EMPTY_BODY = YES;
				CLANG_WARN_ENUM_CONVERSION = YES;
				CLANG_WARN_INFINITE_RECURSION = YES;
				CLANG_WARN_INT_CONVERSION = YES;
				CLANG_WARN_NON_LITERAL_NULL_CONVERSION = YES;
				CLANG_WARN_OBJC_IMPLICIT_RETAIN_SELF = YES;
				CLANG_WARN_OBJC_LITERAL_CONVERSION = YES;
				CLANG_WARN_OBJC_ROOT_CLASS = YES_ERROR;
				CLANG_WARN_RANGE_LOOP_ANALYSIS = YES;
				CLANG_WARN_STRICT_PROTOTYPES = YES;
				CLANG_WARN_SUSPICIOUS_MOVE = YES;
				CLANG_WARN_UNREACHABLE_CODE = YES;
				CLANG_WARN__DUPLICATE_METHOD_MATCH = YES;
				"CODE_SIGN_IDENTITY[sdk=iphoneos*]" = "iPhone Developer";
				COPY_PHASE_STRIP = NO;
				ENABLE_BITCODE = YES;
				ENABLE_STRICT_OBJC_MSGSEND = YES;
				ENABLE_TESTABILITY = YES;
				GCC_C_LANGUAGE_STANDARD = gnu99;
				GCC_DYNAMIC_NO_PIC = NO;
				GCC_NO_COMMON_BLOCKS = YES;
				GCC_OPTIMIZATION_LEVEL = 0;
				GCC_PREPROCESSOR_DEFINITIONS = (
					"DEBUG=1",
					"$(inherited)",
				);
				GCC_SYMBOLS_PRIVATE_EXTERN = NO;
				GCC_WARN_64_TO_32_BIT_CONVERSION = YES;
				GCC_WARN_ABOUT_RETURN_TYPE = YES_ERROR;
				GCC_WARN_UNDECLARED_SELECTOR = YES;
				GCC_WARN_UNINITIALIZED_AUTOS = YES_AGGRESSIVE;
				GCC_WARN_UNUSED_FUNCTION = YES;
				GCC_WARN_UNUSED_VARIABLE = YES;
				HEADER_SEARCH_PATHS = (
					"$(inherited)",
					/Applications/Xcode.app/Contents/Developer/Toolchains/XcodeDefault.xctoolchain/usr/include,
				);
				IPHONEOS_DEPLOYMENT_TARGET = 11.0;
				MTL_ENABLE_DEBUG_INFO = YES;
				ONLY_ACTIVE_ARCH = YES;
				SDKROOT = iphoneos;
				TARGETED_DEVICE_FAMILY = "1,2";
			};
			name = Debug;
		};
		83CBBA211A601CBA00E9B192 /* Release */ = {
			isa = XCBuildConfiguration;
			buildSettings = {
				ALWAYS_SEARCH_USER_PATHS = NO;
				CLANG_ANALYZER_LOCALIZABILITY_NONLOCALIZED = YES;
				CLANG_CXX_LANGUAGE_STANDARD = "gnu++0x";
				CLANG_CXX_LIBRARY = "libc++";
				CLANG_ENABLE_MODULES = YES;
				CLANG_ENABLE_OBJC_ARC = YES;
				CLANG_WARN_BLOCK_CAPTURE_AUTORELEASING = YES;
				CLANG_WARN_BOOL_CONVERSION = YES;
				CLANG_WARN_COMMA = YES;
				CLANG_WARN_CONSTANT_CONVERSION = YES;
				CLANG_WARN_DEPRECATED_OBJC_IMPLEMENTATIONS = YES;
				CLANG_WARN_DIRECT_OBJC_ISA_USAGE = YES_ERROR;
				CLANG_WARN_EMPTY_BODY = YES;
				CLANG_WARN_ENUM_CONVERSION = YES;
				CLANG_WARN_INFINITE_RECURSION = YES;
				CLANG_WARN_INT_CONVERSION = YES;
				CLANG_WARN_NON_LITERAL_NULL_CONVERSION = YES;
				CLANG_WARN_OBJC_IMPLICIT_RETAIN_SELF = YES;
				CLANG_WARN_OBJC_LITERAL_CONVERSION = YES;
				CLANG_WARN_OBJC_ROOT_CLASS = YES_ERROR;
				CLANG_WARN_RANGE_LOOP_ANALYSIS = YES;
				CLANG_WARN_STRICT_PROTOTYPES = YES;
				CLANG_WARN_SUSPICIOUS_MOVE = YES;
				CLANG_WARN_UNREACHABLE_CODE = YES;
				CLANG_WARN__DUPLICATE_METHOD_MATCH = YES;
				"CODE_SIGN_IDENTITY[sdk=iphoneos*]" = "iPhone Developer";
				COPY_PHASE_STRIP = YES;
				ENABLE_BITCODE = YES;
				ENABLE_NS_ASSERTIONS = NO;
				ENABLE_STRICT_OBJC_MSGSEND = YES;
				GCC_C_LANGUAGE_STANDARD = gnu99;
				GCC_NO_COMMON_BLOCKS = YES;
				GCC_WARN_64_TO_32_BIT_CONVERSION = YES;
				GCC_WARN_ABOUT_RETURN_TYPE = YES_ERROR;
				GCC_WARN_UNDECLARED_SELECTOR = YES;
				GCC_WARN_UNINITIALIZED_AUTOS = YES_AGGRESSIVE;
				GCC_WARN_UNUSED_FUNCTION = YES;
				GCC_WARN_UNUSED_VARIABLE = YES;
				HEADER_SEARCH_PATHS = (
					"$(inherited)",
					/Applications/Xcode.app/Contents/Developer/Toolchains/XcodeDefault.xctoolchain/usr/include,
				);
				IPHONEOS_DEPLOYMENT_TARGET = 11.0;
				MTL_ENABLE_DEBUG_INFO = NO;
				SDKROOT = iphoneos;
				SWIFT_COMPILATION_MODE = wholemodule;
				TARGETED_DEVICE_FAMILY = "1,2";
				VALIDATE_PRODUCT = YES;
			};
			name = Release;
		};
		FE816ECD248A5AD0004D900E /* Debug */ = {
			isa = XCBuildConfiguration;
			baseConfigurationReference = B5F2805031146EB4E1C67234 /* Pods-ScreenRecorderHoppSetupUI.debug.xcconfig */;
			buildSettings = {
				CLANG_ANALYZER_NONNULL = YES;
				CLANG_ANALYZER_NUMBER_OBJECT_CONVERSION = YES_AGGRESSIVE;
				CLANG_CXX_LANGUAGE_STANDARD = "gnu++14";
				CLANG_ENABLE_OBJC_WEAK = YES;
				CLANG_WARN_DOCUMENTATION_COMMENTS = YES;
				CLANG_WARN_UNGUARDED_AVAILABILITY = YES_AGGRESSIVE;
				CODE_SIGN_IDENTITY = "iPhone Developer";
				CODE_SIGN_STYLE = Automatic;
				DEBUG_INFORMATION_FORMAT = dwarf;
				DEVELOPMENT_TEAM = 54B7FUCZ25;
				ENABLE_BITCODE = NO;
				GCC_C_LANGUAGE_STANDARD = gnu11;
				INFOPLIST_FILE = ScreenRecorderHoppSetupUI/Info.plist;
				IPHONEOS_DEPLOYMENT_TARGET = 13.2;
				LD_RUNPATH_SEARCH_PATHS = "$(inherited) @executable_path/Frameworks @executable_path/../../Frameworks";
				MTL_ENABLE_DEBUG_INFO = INCLUDE_SOURCE;
				MTL_FAST_MATH = YES;
				PRODUCT_BUNDLE_IDENTIFIER = "de.hopp-foundation.screenshare.ScreenRecorderHoppSetupUI";
				PRODUCT_NAME = "$(TARGET_NAME)";
				SKIP_INSTALL = YES;
				SWIFT_ACTIVE_COMPILATION_CONDITIONS = DEBUG;
				SWIFT_OPTIMIZATION_LEVEL = "-Onone";
				SWIFT_VERSION = 5.0;
				TARGETED_DEVICE_FAMILY = "1,2";
			};
			name = Debug;
		};
		FE816ECE248A5AD0004D900E /* Release */ = {
			isa = XCBuildConfiguration;
			baseConfigurationReference = 18A67354FAA8FC3517DE5C7E /* Pods-ScreenRecorderHoppSetupUI.release.xcconfig */;
			buildSettings = {
				CLANG_ANALYZER_NONNULL = YES;
				CLANG_ANALYZER_NUMBER_OBJECT_CONVERSION = YES_AGGRESSIVE;
				CLANG_CXX_LANGUAGE_STANDARD = "gnu++14";
				CLANG_ENABLE_OBJC_WEAK = YES;
				CLANG_WARN_DOCUMENTATION_COMMENTS = YES;
				CLANG_WARN_UNGUARDED_AVAILABILITY = YES_AGGRESSIVE;
				CODE_SIGN_IDENTITY = "iPhone Developer";
				CODE_SIGN_STYLE = Automatic;
				COPY_PHASE_STRIP = NO;
				DEBUG_INFORMATION_FORMAT = "dwarf-with-dsym";
				DEVELOPMENT_TEAM = 54B7FUCZ25;
				ENABLE_BITCODE = NO;
				GCC_C_LANGUAGE_STANDARD = gnu11;
				INFOPLIST_FILE = ScreenRecorderHoppSetupUI/Info.plist;
				IPHONEOS_DEPLOYMENT_TARGET = 13.2;
				LD_RUNPATH_SEARCH_PATHS = "$(inherited) @executable_path/Frameworks @executable_path/../../Frameworks";
				MTL_FAST_MATH = YES;
				PRODUCT_BUNDLE_IDENTIFIER = "de.hopp-foundation.screenshare.ScreenRecorderHoppSetupUI";
				PRODUCT_NAME = "$(TARGET_NAME)";
				SKIP_INSTALL = YES;
				SWIFT_OPTIMIZATION_LEVEL = "-O";
				SWIFT_VERSION = 5.0;
				TARGETED_DEVICE_FAMILY = "1,2";
			};
			name = Release;
		};
		FE816ED0248A5AD0004D900E /* Debug */ = {
			isa = XCBuildConfiguration;
			baseConfigurationReference = CF63262521DF3C06E1AC1ECD /* Pods-ScreenRecorderHopp.debug.xcconfig */;
			buildSettings = {
				CLANG_ANALYZER_NONNULL = YES;
				CLANG_ANALYZER_NUMBER_OBJECT_CONVERSION = YES_AGGRESSIVE;
				CLANG_CXX_LANGUAGE_STANDARD = "gnu++14";
				CLANG_ENABLE_OBJC_WEAK = YES;
				CLANG_WARN_DOCUMENTATION_COMMENTS = YES;
				CLANG_WARN_UNGUARDED_AVAILABILITY = YES_AGGRESSIVE;
				CODE_SIGN_ENTITLEMENTS = ScreenRecorderHopp/ScreenRecorderHopp.entitlements;
				CODE_SIGN_IDENTITY = "iPhone Developer";
				CODE_SIGN_STYLE = Automatic;
				DEBUG_INFORMATION_FORMAT = dwarf;
				DEVELOPMENT_TEAM = 54B7FUCZ25;
				ENABLE_BITCODE = NO;
				GCC_C_LANGUAGE_STANDARD = gnu11;
				INFOPLIST_FILE = ScreenRecorderHopp/Info.plist;
				IPHONEOS_DEPLOYMENT_TARGET = 13.2;
				LD_RUNPATH_SEARCH_PATHS = "$(inherited) @executable_path/Frameworks @executable_path/../../Frameworks";
				MTL_ENABLE_DEBUG_INFO = INCLUDE_SOURCE;
				MTL_FAST_MATH = YES;
				PRODUCT_BUNDLE_IDENTIFIER = "de.hopp-foundation.screenshare.ScreenRecorderHopp";
				PRODUCT_NAME = "$(TARGET_NAME)";
				SKIP_INSTALL = YES;
				SWIFT_ACTIVE_COMPILATION_CONDITIONS = DEBUG;
				SWIFT_OPTIMIZATION_LEVEL = "-Onone";
				SWIFT_VERSION = 5.0;
				TARGETED_DEVICE_FAMILY = "1,2";
			};
			name = Debug;
		};
		FE816ED1248A5AD0004D900E /* Release */ = {
			isa = XCBuildConfiguration;
			baseConfigurationReference = 7EE42C41E1D55AF1CBE86C7B /* Pods-ScreenRecorderHopp.release.xcconfig */;
			buildSettings = {
				CLANG_ANALYZER_NONNULL = YES;
				CLANG_ANALYZER_NUMBER_OBJECT_CONVERSION = YES_AGGRESSIVE;
				CLANG_CXX_LANGUAGE_STANDARD = "gnu++14";
				CLANG_ENABLE_OBJC_WEAK = YES;
				CLANG_WARN_DOCUMENTATION_COMMENTS = YES;
				CLANG_WARN_UNGUARDED_AVAILABILITY = YES_AGGRESSIVE;
				CODE_SIGN_ENTITLEMENTS = ScreenRecorderHopp/ScreenRecorderHopp.entitlements;
				CODE_SIGN_IDENTITY = "iPhone Developer";
				CODE_SIGN_STYLE = Automatic;
				COPY_PHASE_STRIP = NO;
				DEBUG_INFORMATION_FORMAT = "dwarf-with-dsym";
				DEVELOPMENT_TEAM = 54B7FUCZ25;
				ENABLE_BITCODE = NO;
				GCC_C_LANGUAGE_STANDARD = gnu11;
				INFOPLIST_FILE = ScreenRecorderHopp/Info.plist;
				IPHONEOS_DEPLOYMENT_TARGET = 13.2;
				LD_RUNPATH_SEARCH_PATHS = "$(inherited) @executable_path/Frameworks @executable_path/../../Frameworks";
				MTL_FAST_MATH = YES;
				PRODUCT_BUNDLE_IDENTIFIER = "de.hopp-foundation.screenshare.ScreenRecorderHopp";
				PRODUCT_NAME = "$(TARGET_NAME)";
				SKIP_INSTALL = YES;
				SWIFT_OPTIMIZATION_LEVEL = "-O";
				SWIFT_VERSION = 5.0;
				TARGETED_DEVICE_FAMILY = "1,2";
			};
			name = Release;
		};
/* End XCBuildConfiguration section */

/* Begin XCConfigurationList section */
		13B07F931A680F5B00A75B9A /* Build configuration list for PBXNativeTarget "jitsi-meet" */ = {
			isa = XCConfigurationList;
			buildConfigurations = (
				13B07F941A680F5B00A75B9A /* Debug */,
				13B07F951A680F5B00A75B9A /* Release */,
			);
			defaultConfigurationIsVisible = 0;
			defaultConfigurationName = Release;
		};
		83CBB9FA1A601CBA00E9B192 /* Build configuration list for PBXProject "app" */ = {
			isa = XCConfigurationList;
			buildConfigurations = (
				83CBBA201A601CBA00E9B192 /* Debug */,
				83CBBA211A601CBA00E9B192 /* Release */,
			);
			defaultConfigurationIsVisible = 0;
			defaultConfigurationName = Release;
		};
		FE816ECC248A5AD0004D900E /* Build configuration list for PBXNativeTarget "ScreenRecorderHoppSetupUI" */ = {
			isa = XCConfigurationList;
			buildConfigurations = (
				FE816ECD248A5AD0004D900E /* Debug */,
				FE816ECE248A5AD0004D900E /* Release */,
			);
			defaultConfigurationIsVisible = 0;
			defaultConfigurationName = Release;
		};
		FE816ECF248A5AD0004D900E /* Build configuration list for PBXNativeTarget "ScreenRecorderHopp" */ = {
			isa = XCConfigurationList;
			buildConfigurations = (
				FE816ED0248A5AD0004D900E /* Debug */,
				FE816ED1248A5AD0004D900E /* Release */,
			);
			defaultConfigurationIsVisible = 0;
			defaultConfigurationName = Release;
		};
/* End XCConfigurationList section */
	};
	rootObject = 83CBB9F71A601CBA00E9B192 /* Project object */;
}
