PODS:
  - AppAuth (1.4.0):
    - AppAuth/Core (= 1.4.0)
    - AppAuth/ExternalUserAgent (= 1.4.0)
  - AppAuth/Core (1.4.0)
  - AppAuth/ExternalUserAgent (1.4.0)
  - boost-for-react-native (1.63.0)
  - BVLinearGradient (2.5.6):
    - React
  - CocoaLumberjack (3.5.3):
    - CocoaLumberjack/Core (= 3.5.3)
  - CocoaLumberjack/Core (3.5.3)
  - DoubleConversion (1.1.6)
  - FBLazyVector (0.61.5-jitsi.1)
  - FBReactNativeSpec (0.61.5-jitsi.1):
    - Folly (= 2018.10.22.00)
    - RCTRequired (= 0.61.5-jitsi.1)
    - RCTTypeSafety (= 0.61.5-jitsi.1)
    - React-Core (= 0.61.5-jitsi.1)
    - React-jsi (= 0.61.5-jitsi.1)
    - ReactCommon/turbomodule/core (= 0.61.5-jitsi.1)
  - Folly (2018.10.22.00):
    - boost-for-react-native
    - DoubleConversion
    - Folly/Default (= 2018.10.22.00)
    - glog
  - Folly/Default (2018.10.22.00):
    - boost-for-react-native
    - DoubleConversion
    - glog
  - glog (0.3.5)
  - GoogleSignIn (5.0.2):
    - AppAuth (~> 1.2)
    - GTMAppAuth (~> 1.0)
    - GTMSessionFetcher/Core (~> 1.1)
  - GTMAppAuth (1.1.0):
    - AppAuth/Core (~> 1.4)
    - GTMSessionFetcher (~> 1.4)
  - GTMSessionFetcher (1.5.0):
    - GTMSessionFetcher/Full (= 1.5.0)
  - GTMSessionFetcher/Core (1.5.0)
  - GTMSessionFetcher/Full (1.5.0):
    - GTMSessionFetcher/Core (= 1.5.0)
  - ObjectiveDropboxOfficial (3.9.4)
  - RCTRequired (0.61.5-jitsi.1)
  - RCTTypeSafety (0.61.5-jitsi.1):
    - FBLazyVector (= 0.61.5-jitsi.1)
    - Folly (= 2018.10.22.00)
    - RCTRequired (= 0.61.5-jitsi.1)
    - React-Core (= 0.61.5-jitsi.1)
  - React (0.61.5-jitsi.1):
    - React-Core (= 0.61.5-jitsi.1)
    - React-Core/DevSupport (= 0.61.5-jitsi.1)
    - React-Core/RCTWebSocket (= 0.61.5-jitsi.1)
    - React-RCTActionSheet (= 0.61.5-jitsi.1)
    - React-RCTAnimation (= 0.61.5-jitsi.1)
    - React-RCTBlob (= 0.61.5-jitsi.1)
    - React-RCTImage (= 0.61.5-jitsi.1)
    - React-RCTLinking (= 0.61.5-jitsi.1)
    - React-RCTNetwork (= 0.61.5-jitsi.1)
    - React-RCTSettings (= 0.61.5-jitsi.1)
    - React-RCTText (= 0.61.5-jitsi.1)
    - React-RCTVibration (= 0.61.5-jitsi.1)
  - React-Core (0.61.5-jitsi.1):
    - Folly (= 2018.10.22.00)
    - glog
    - React-Core/Default (= 0.61.5-jitsi.1)
    - React-cxxreact (= 0.61.5-jitsi.1)
    - React-jsi (= 0.61.5-jitsi.1)
    - React-jsiexecutor (= 0.61.5-jitsi.1)
    - Yoga
  - React-Core/CoreModulesHeaders (0.61.5-jitsi.1):
    - Folly (= 2018.10.22.00)
    - glog
    - React-Core/Default
    - React-cxxreact (= 0.61.5-jitsi.1)
    - React-jsi (= 0.61.5-jitsi.1)
    - React-jsiexecutor (= 0.61.5-jitsi.1)
    - Yoga
  - React-Core/Default (0.61.5-jitsi.1):
    - Folly (= 2018.10.22.00)
    - glog
    - React-cxxreact (= 0.61.5-jitsi.1)
    - React-jsi (= 0.61.5-jitsi.1)
    - React-jsiexecutor (= 0.61.5-jitsi.1)
    - Yoga
  - React-Core/DevSupport (0.61.5-jitsi.1):
    - Folly (= 2018.10.22.00)
    - glog
    - React-Core/Default (= 0.61.5-jitsi.1)
    - React-Core/RCTWebSocket (= 0.61.5-jitsi.1)
    - React-cxxreact (= 0.61.5-jitsi.1)
    - React-jsi (= 0.61.5-jitsi.1)
    - React-jsiexecutor (= 0.61.5-jitsi.1)
    - React-jsinspector (= 0.61.5-jitsi.1)
    - Yoga
  - React-Core/RCTActionSheetHeaders (0.61.5-jitsi.1):
    - Folly (= 2018.10.22.00)
    - glog
    - React-Core/Default
    - React-cxxreact (= 0.61.5-jitsi.1)
    - React-jsi (= 0.61.5-jitsi.1)
    - React-jsiexecutor (= 0.61.5-jitsi.1)
    - Yoga
  - React-Core/RCTAnimationHeaders (0.61.5-jitsi.1):
    - Folly (= 2018.10.22.00)
    - glog
    - React-Core/Default
    - React-cxxreact (= 0.61.5-jitsi.1)
    - React-jsi (= 0.61.5-jitsi.1)
    - React-jsiexecutor (= 0.61.5-jitsi.1)
    - Yoga
  - React-Core/RCTBlobHeaders (0.61.5-jitsi.1):
    - Folly (= 2018.10.22.00)
    - glog
    - React-Core/Default
    - React-cxxreact (= 0.61.5-jitsi.1)
    - React-jsi (= 0.61.5-jitsi.1)
    - React-jsiexecutor (= 0.61.5-jitsi.1)
    - Yoga
  - React-Core/RCTImageHeaders (0.61.5-jitsi.1):
    - Folly (= 2018.10.22.00)
    - glog
    - React-Core/Default
    - React-cxxreact (= 0.61.5-jitsi.1)
    - React-jsi (= 0.61.5-jitsi.1)
    - React-jsiexecutor (= 0.61.5-jitsi.1)
    - Yoga
  - React-Core/RCTLinkingHeaders (0.61.5-jitsi.1):
    - Folly (= 2018.10.22.00)
    - glog
    - React-Core/Default
    - React-cxxreact (= 0.61.5-jitsi.1)
    - React-jsi (= 0.61.5-jitsi.1)
    - React-jsiexecutor (= 0.61.5-jitsi.1)
    - Yoga
  - React-Core/RCTNetworkHeaders (0.61.5-jitsi.1):
    - Folly (= 2018.10.22.00)
    - glog
    - React-Core/Default
    - React-cxxreact (= 0.61.5-jitsi.1)
    - React-jsi (= 0.61.5-jitsi.1)
    - React-jsiexecutor (= 0.61.5-jitsi.1)
    - Yoga
  - React-Core/RCTSettingsHeaders (0.61.5-jitsi.1):
    - Folly (= 2018.10.22.00)
    - glog
    - React-Core/Default
    - React-cxxreact (= 0.61.5-jitsi.1)
    - React-jsi (= 0.61.5-jitsi.1)
    - React-jsiexecutor (= 0.61.5-jitsi.1)
    - Yoga
  - React-Core/RCTTextHeaders (0.61.5-jitsi.1):
    - Folly (= 2018.10.22.00)
    - glog
    - React-Core/Default
    - React-cxxreact (= 0.61.5-jitsi.1)
    - React-jsi (= 0.61.5-jitsi.1)
    - React-jsiexecutor (= 0.61.5-jitsi.1)
    - Yoga
  - React-Core/RCTVibrationHeaders (0.61.5-jitsi.1):
    - Folly (= 2018.10.22.00)
    - glog
    - React-Core/Default
    - React-cxxreact (= 0.61.5-jitsi.1)
    - React-jsi (= 0.61.5-jitsi.1)
    - React-jsiexecutor (= 0.61.5-jitsi.1)
    - Yoga
  - React-Core/RCTWebSocket (0.61.5-jitsi.1):
    - Folly (= 2018.10.22.00)
    - glog
    - React-Core/Default (= 0.61.5-jitsi.1)
    - React-cxxreact (= 0.61.5-jitsi.1)
    - React-jsi (= 0.61.5-jitsi.1)
    - React-jsiexecutor (= 0.61.5-jitsi.1)
    - Yoga
  - React-CoreModules (0.61.5-jitsi.1):
    - FBReactNativeSpec (= 0.61.5-jitsi.1)
    - Folly (= 2018.10.22.00)
    - RCTTypeSafety (= 0.61.5-jitsi.1)
    - React-Core/CoreModulesHeaders (= 0.61.5-jitsi.1)
    - React-RCTImage (= 0.61.5-jitsi.1)
    - ReactCommon/turbomodule/core (= 0.61.5-jitsi.1)
  - React-cxxreact (0.61.5-jitsi.1):
    - boost-for-react-native (= 1.63.0)
    - DoubleConversion
    - Folly (= 2018.10.22.00)
    - glog
    - React-jsinspector (= 0.61.5-jitsi.1)
  - React-jsi (0.61.5-jitsi.1):
    - boost-for-react-native (= 1.63.0)
    - DoubleConversion
    - Folly (= 2018.10.22.00)
    - glog
    - React-jsi/Default (= 0.61.5-jitsi.1)
  - React-jsi/Default (0.61.5-jitsi.1):
    - boost-for-react-native (= 1.63.0)
    - DoubleConversion
    - Folly (= 2018.10.22.00)
    - glog
  - React-jsiexecutor (0.61.5-jitsi.1):
    - DoubleConversion
    - Folly (= 2018.10.22.00)
    - glog
    - React-cxxreact (= 0.61.5-jitsi.1)
    - React-jsi (= 0.61.5-jitsi.1)
  - React-jsinspector (0.61.5-jitsi.1)
  - react-native-background-timer (2.4.0):
    - React
  - react-native-calendar-events (2.0.0):
    - React
  - react-native-keep-awake (4.0.0):
    - React
  - react-native-netinfo (4.1.5):
    - React
  - react-native-video (5.1.1):
    - React-Core
    - react-native-video/Video (= 5.1.1)
  - react-native-video/Video (5.1.1):
    - React-Core
  - react-native-webrtc (1.84.0):
    - React
  - react-native-webview (7.4.1):
    - React
  - React-RCTActionSheet (0.61.5-jitsi.1):
    - React-Core/RCTActionSheetHeaders (= 0.61.5-jitsi.1)
  - React-RCTAnimation (0.61.5-jitsi.1):
    - React-Core/RCTAnimationHeaders (= 0.61.5-jitsi.1)
  - React-RCTBlob (0.61.5-jitsi.1):
    - React-Core/RCTBlobHeaders (= 0.61.5-jitsi.1)
    - React-Core/RCTWebSocket (= 0.61.5-jitsi.1)
    - React-jsi (= 0.61.5-jitsi.1)
    - React-RCTNetwork (= 0.61.5-jitsi.1)
  - React-RCTImage (0.61.5-jitsi.1):
    - React-Core/RCTImageHeaders (= 0.61.5-jitsi.1)
    - React-RCTNetwork (= 0.61.5-jitsi.1)
  - React-RCTLinking (0.61.5-jitsi.1):
    - React-Core/RCTLinkingHeaders (= 0.61.5-jitsi.1)
  - React-RCTNetwork (0.61.5-jitsi.1):
    - React-Core/RCTNetworkHeaders (= 0.61.5-jitsi.1)
  - React-RCTSettings (0.61.5-jitsi.1):
    - React-Core/RCTSettingsHeaders (= 0.61.5-jitsi.1)
  - React-RCTText (0.61.5-jitsi.1):
    - React-Core/RCTTextHeaders (= 0.61.5-jitsi.1)
  - React-RCTVibration (0.61.5-jitsi.1):
    - React-Core/RCTVibrationHeaders (= 0.61.5-jitsi.1)
  - ReactCommon/jscallinvoker (0.61.5-jitsi.1):
    - DoubleConversion
    - Folly (= 2018.10.22.00)
    - glog
    - React-cxxreact (= 0.61.5-jitsi.1)
  - ReactCommon/turbomodule (0.61.5-jitsi.1):
    - DoubleConversion
    - Folly (= 2018.10.22.00)
    - glog
    - React-Core (= 0.61.5-jitsi.1)
    - React-cxxreact (= 0.61.5-jitsi.1)
    - React-jsi (= 0.61.5-jitsi.1)
    - ReactCommon/jscallinvoker (= 0.61.5-jitsi.1)
    - ReactCommon/turbomodule/core (= 0.61.5-jitsi.1)
    - ReactCommon/turbomodule/samples (= 0.61.5-jitsi.1)
  - ReactCommon/turbomodule/core (0.61.5-jitsi.1):
    - DoubleConversion
    - Folly (= 2018.10.22.00)
    - glog
    - React-Core (= 0.61.5-jitsi.1)
    - React-cxxreact (= 0.61.5-jitsi.1)
    - React-jsi (= 0.61.5-jitsi.1)
    - ReactCommon/jscallinvoker (= 0.61.5-jitsi.1)
  - ReactCommon/turbomodule/samples (0.61.5-jitsi.1):
    - DoubleConversion
    - Folly (= 2018.10.22.00)
    - glog
    - React-Core (= 0.61.5-jitsi.1)
    - React-cxxreact (= 0.61.5-jitsi.1)
    - React-jsi (= 0.61.5-jitsi.1)
    - ReactCommon/jscallinvoker (= 0.61.5-jitsi.1)
    - ReactCommon/turbomodule/core (= 0.61.5-jitsi.1)
  - RNCAsyncStorage (1.3.4):
    - React
  - RNDefaultPreference (1.4.2):
    - React
  - RNDeviceInfo (8.0.0):
    - React-Core
  - RNGoogleSignin (3.0.1):
    - GoogleSignIn (~> 5.0.0)
    - React
  - RNSound (0.11.0):
    - React
    - RNSound/Core (= 0.11.0)
  - RNSound/Core (0.11.0):
    - React
  - RNSVG (9.7.1):
    - React
  - RNWatch (0.4.3):
    - React
  - Yoga (1.14.0)

DEPENDENCIES:
  - BVLinearGradient (from `../node_modules/react-native-linear-gradient`)
  - CocoaLumberjack (~> 3.5.3)
  - DoubleConversion (from `../node_modules/react-native/third-party-podspecs/DoubleConversion.podspec`)
  - FBLazyVector (from `../node_modules/react-native/Libraries/FBLazyVector/`)
  - FBReactNativeSpec (from `../node_modules/react-native/Libraries/FBReactNativeSpec/`)
  - Folly (from `../node_modules/react-native/third-party-podspecs/Folly.podspec`)
  - glog (from `../node_modules/react-native/third-party-podspecs/glog.podspec`)
  - ObjectiveDropboxOfficial (~> 3.9.4)
  - RCTRequired (from `../node_modules/react-native/Libraries/RCTRequired/`)
  - RCTTypeSafety (from `../node_modules/react-native/Libraries/TypeSafety/`)
  - React (from `../node_modules/react-native/`)
  - React-Core/CoreModulesHeaders (from `../node_modules/react-native/`)
  - React-Core/DevSupport (from `../node_modules/react-native/`)
  - React-Core/RCTWebSocket (from `../node_modules/react-native/`)
  - React-CoreModules (from `../node_modules/react-native/React/CoreModules`)
  - React-cxxreact (from `../node_modules/react-native/ReactCommon/cxxreact`)
  - React-jsi (from `../node_modules/react-native/ReactCommon/jsi`)
  - React-jsiexecutor (from `../node_modules/react-native/ReactCommon/jsiexecutor`)
  - React-jsinspector (from `../node_modules/react-native/ReactCommon/jsinspector`)
  - react-native-background-timer (from `../node_modules/react-native-background-timer`)
  - react-native-calendar-events (from `../node_modules/react-native-calendar-events`)
  - react-native-keep-awake (from `../node_modules/react-native-keep-awake`)
  - "react-native-netinfo (from `../node_modules/@react-native-community/netinfo`)"
  - react-native-video (from `../node_modules/react-native-video/react-native-video.podspec`)
  - react-native-webrtc (from `../node_modules/react-native-webrtc`)
  - react-native-webview (from `../node_modules/react-native-webview`)
  - React-RCTActionSheet (from `../node_modules/react-native/Libraries/ActionSheetIOS`)
  - React-RCTAnimation (from `../node_modules/react-native/Libraries/NativeAnimation`)
  - React-RCTBlob (from `../node_modules/react-native/Libraries/Blob`)
  - React-RCTImage (from `../node_modules/react-native/Libraries/Image`)
  - React-RCTLinking (from `../node_modules/react-native/Libraries/LinkingIOS`)
  - React-RCTNetwork (from `../node_modules/react-native/Libraries/Network`)
  - React-RCTSettings (from `../node_modules/react-native/Libraries/Settings`)
  - React-RCTText (from `../node_modules/react-native/Libraries/Text`)
  - React-RCTVibration (from `../node_modules/react-native/Libraries/Vibration`)
  - ReactCommon/turbomodule (from `../node_modules/react-native/ReactCommon`)
  - "RNCAsyncStorage (from `../node_modules/@react-native-community/async-storage`)"
  - RNDefaultPreference (from `../node_modules/react-native-default-preference`)
  - RNDeviceInfo (from `../node_modules/react-native-device-info`)
  - "RNGoogleSignin (from `../node_modules/@react-native-community/google-signin`)"
  - RNSound (from `../node_modules/react-native-sound`)
  - RNSVG (from `../node_modules/react-native-svg`)
  - RNWatch (from `../node_modules/react-native-watch-connectivity`)
  - Yoga (from `../node_modules/react-native/ReactCommon/yoga`)

SPEC REPOS:
  trunk:
    - AppAuth
    - boost-for-react-native
    - CocoaLumberjack
    - GoogleSignIn
    - GTMAppAuth
    - GTMSessionFetcher
    - ObjectiveDropboxOfficial

EXTERNAL SOURCES:
  BVLinearGradient:
    :path: "../node_modules/react-native-linear-gradient"
  DoubleConversion:
    :podspec: "../node_modules/react-native/third-party-podspecs/DoubleConversion.podspec"
  FBLazyVector:
    :path: "../node_modules/react-native/Libraries/FBLazyVector/"
  FBReactNativeSpec:
    :path: "../node_modules/react-native/Libraries/FBReactNativeSpec/"
  Folly:
    :podspec: "../node_modules/react-native/third-party-podspecs/Folly.podspec"
  glog:
    :podspec: "../node_modules/react-native/third-party-podspecs/glog.podspec"
  RCTRequired:
    :path: "../node_modules/react-native/Libraries/RCTRequired/"
  RCTTypeSafety:
    :path: "../node_modules/react-native/Libraries/TypeSafety/"
  React:
    :path: "../node_modules/react-native/"
  React-Core:
    :path: "../node_modules/react-native/"
  React-CoreModules:
    :path: "../node_modules/react-native/React/CoreModules"
  React-cxxreact:
    :path: "../node_modules/react-native/ReactCommon/cxxreact"
  React-jsi:
    :path: "../node_modules/react-native/ReactCommon/jsi"
  React-jsiexecutor:
    :path: "../node_modules/react-native/ReactCommon/jsiexecutor"
  React-jsinspector:
    :path: "../node_modules/react-native/ReactCommon/jsinspector"
  react-native-background-timer:
    :path: "../node_modules/react-native-background-timer"
  react-native-calendar-events:
    :path: "../node_modules/react-native-calendar-events"
  react-native-keep-awake:
    :path: "../node_modules/react-native-keep-awake"
  react-native-netinfo:
    :path: "../node_modules/@react-native-community/netinfo"
  react-native-video:
    :path: "../node_modules/react-native-video/react-native-video.podspec"
  react-native-webrtc:
    :path: "../node_modules/react-native-webrtc"
  react-native-webview:
    :path: "../node_modules/react-native-webview"
  React-RCTActionSheet:
    :path: "../node_modules/react-native/Libraries/ActionSheetIOS"
  React-RCTAnimation:
    :path: "../node_modules/react-native/Libraries/NativeAnimation"
  React-RCTBlob:
    :path: "../node_modules/react-native/Libraries/Blob"
  React-RCTImage:
    :path: "../node_modules/react-native/Libraries/Image"
  React-RCTLinking:
    :path: "../node_modules/react-native/Libraries/LinkingIOS"
  React-RCTNetwork:
    :path: "../node_modules/react-native/Libraries/Network"
  React-RCTSettings:
    :path: "../node_modules/react-native/Libraries/Settings"
  React-RCTText:
    :path: "../node_modules/react-native/Libraries/Text"
  React-RCTVibration:
    :path: "../node_modules/react-native/Libraries/Vibration"
  ReactCommon:
    :path: "../node_modules/react-native/ReactCommon"
  RNCAsyncStorage:
    :path: "../node_modules/@react-native-community/async-storage"
  RNDefaultPreference:
    :path: "../node_modules/react-native-default-preference"
  RNDeviceInfo:
    :path: "../node_modules/react-native-device-info"
  RNGoogleSignin:
    :path: "../node_modules/@react-native-community/google-signin"
  RNSound:
    :path: "../node_modules/react-native-sound"
  RNSVG:
    :path: "../node_modules/react-native-svg"
  RNWatch:
    :path: "../node_modules/react-native-watch-connectivity"
  Yoga:
    :path: "../node_modules/react-native/ReactCommon/yoga"

SPEC CHECKSUMS:
  AppAuth: 31bcec809a638d7bd2f86ea8a52bd45f6e81e7c7
  boost-for-react-native: 39c7adb57c4e60d6c5479dd8623128eb5b3f0f2c
  BVLinearGradient: e3aad03778a456d77928f594a649e96995f1c872
  CocoaLumberjack: 2f44e60eb91c176d471fdba43b9e3eae6a721947
  DoubleConversion: 5805e889d232975c086db112ece9ed034df7a0b2
  FBLazyVector: 4a5251159a3ed05dc11cc8b74cf937869935814b
  FBReactNativeSpec: 6fa602a20993212cc9877a81838578ffb0008bc9
  Folly: 30e7936e1c45c08d884aa59369ed951a8e68cf51
  glog: 1f3da668190260b06b429bb211bfbee5cd790c28
  GoogleSignIn: 7137d297ddc022a7e0aa4619c86d72c909fa7213
  GTMAppAuth: 197a8dabfea5d665224aa00d17f164fc2248dab9
  GTMSessionFetcher: b3503b20a988c4e20cc189aa798fd18220133f52
  ObjectiveDropboxOfficial: a5afefc83f6467c42c45f2253f583f2ad1ffc701
  RCTRequired: f63dd90a89a60602acdd44c42e5d2645ca60ab79
  RCTTypeSafety: 24a3c6d55684046ed550b1d0ef083a9bf71c8bd4
  React: 71c5a51135f291c3b32c0b558e167b858ae50e84
  React-Core: e82c03ff91062abf963f35bf99a357154e570285
  React-CoreModules: e236aeecd18cec37743c8c50562431db5302f668
  React-cxxreact: 526ec106aa1bf2b3f6aab2a7d528d1d23d5f59c2
  React-jsi: 4f35c1a2273d193a80c1c3831c808413840c260c
  React-jsiexecutor: de1c37cf59ae9adcbf2be82eea0e090dc3f3205e
  React-jsinspector: b76c4e84a7833bb4c90549d59ed53ec299ff912b
  react-native-background-timer: e0384ea2fa5a98f67f84f9c4dc274260ddd674ed
  react-native-calendar-events: 1442fad71a00388f933cfa25512588fec300fcf8
  react-native-keep-awake: eba3137546b10003361b37c761f6c429b59814ae
  react-native-netinfo: 8d8db463bcc5db66a8ac5c48a7d86beb3b92f61a
  react-native-video: 1574074179ecaf6a9dd067116c8f31bf9fec15c8
  react-native-webrtc: 9268ae9a2bc9730796b0968d012327e92c392adf
  react-native-webview: 4dbc1d2a4a6b9c5e9e723c62651917aa2b5e579e
  React-RCTActionSheet: b72ddbfbe15b44ce691d128e4b582f4bb9abb540
  React-RCTAnimation: cfaefba5024499d336b76ab850e6bd33b232b5e3
  React-RCTBlob: c427e643bef82999deeab97489ba43298ecfbe24
  React-RCTImage: 79934bc96f3349da6a75b1d61cad594a932e4097
  React-RCTLinking: 12b153399567c30efac0b32bb00f9c064587dc26
  React-RCTNetwork: 603ad75778a54521b7797fd07c67dff562317526
  React-RCTSettings: 8d45fcf14513582539ea1ddea69391207de7f046
  React-RCTText: b4c29897c3df0c9f112e29aa3167fa6caf40b690
  React-RCTVibration: a1bcfcdc0b5a73a1b0829a34cee22bd0e95bacba
  ReactCommon: 675681aba4fecff5acbc0e440530cc422103c610
  RNCAsyncStorage: 8e31405a9f12fbf42c2bb330e4560bfd79c18323
  RNDefaultPreference: 56a405ce61033ac77b95004dccd7ac54c2eb50d1
  RNDeviceInfo: 72ded653ce636b3f03571e90bed99309a714944e
  RNGoogleSignin: 39336070b35fc4cea6a98cf111e00480317be0ae
  RNSound: c980916b596cc15c8dcd2f6ecd3b13c4881dbe20
  RNSVG: aac12785382e8fd4f28d072fe640612e34914631
  RNWatch: a5320c959c75e72845c07985f3e935e58998f1d3
  Yoga: 7b4209fda2441f99d54dd6cf4c82b094409bb68f

PODFILE CHECKSUM: 1d5136a71565f7bb4e10bdc2f3781e9f1f8fa683

COCOAPODS: 1.10.1
