PODS:
  - Amplitude-iOS (4.0.4)
  - boost-for-react-native (1.63.0)
  - BVLinearGradient (2.5.3):
    - React
  - Crashlytics (3.12.0):
    - Fabric (~> 1.9.0)
  - DoubleConversion (1.1.6)
  - Fabric (1.9.0)
  - Firebase/Core (5.15.0):
    - Firebase/CoreOnly
    - FirebaseAnalytics (= 5.4.0)
  - Firebase/CoreOnly (5.15.0):
    - FirebaseCore (= 5.1.10)
  - Firebase/DynamicLinks (5.15.0):
    - Firebase/CoreOnly
    - FirebaseDynamicLinks (= 3.3.0)
  - FirebaseAnalytics (5.4.0):
    - FirebaseCore (~> 5.1)
    - FirebaseInstanceID (~> 3.3)
    - GoogleAppMeasurement (= 5.4.0)
    - GoogleUtilities/AppDelegateSwizzler (~> 5.2)
    - GoogleUtilities/MethodSwizzler (~> 5.2)
    - GoogleUtilities/Network (~> 5.2)
    - "GoogleUtilities/NSData+zlib (~> 5.2)"
    - nanopb (~> 0.3)
  - FirebaseAnalyticsInterop (1.1.0)
  - FirebaseCore (5.1.10):
    - GoogleUtilities/Logger (~> 5.2)
  - FirebaseDynamicLinks (3.3.0):
    - FirebaseAnalytics (~> 5.1)
    - FirebaseAnalyticsInterop (~> 1.0)
    - FirebaseCore (~> 5.1)
  - FirebaseInstanceID (3.3.0):
    - FirebaseCore (~> 5.1)
    - GoogleUtilities/Environment (~> 5.3)
    - GoogleUtilities/UserDefaults (~> 5.3)
  - FLAnimatedImage (1.0.12)
  - Folly (2016.10.31.00):
    - boost-for-react-native
    - DoubleConversion
    - glog
  - glog (0.3.5)
  - GoogleAppMeasurement (5.4.0):
    - GoogleUtilities/AppDelegateSwizzler (~> 5.2)
    - GoogleUtilities/MethodSwizzler (~> 5.2)
    - GoogleUtilities/Network (~> 5.2)
    - "GoogleUtilities/NSData+zlib (~> 5.2)"
    - nanopb (~> 0.3)
  - GoogleSignIn (4.4.0):
    - "GoogleToolboxForMac/NSDictionary+URLArguments (~> 2.1)"
    - "GoogleToolboxForMac/NSString+URLArguments (~> 2.1)"
    - GTMSessionFetcher/Core (~> 1.1)
  - GoogleToolboxForMac/DebugUtils (2.2.0):
    - GoogleToolboxForMac/Defines (= 2.2.0)
  - GoogleToolboxForMac/Defines (2.2.0)
  - "GoogleToolboxForMac/NSDictionary+URLArguments (2.2.0)":
    - GoogleToolboxForMac/DebugUtils (= 2.2.0)
    - GoogleToolboxForMac/Defines (= 2.2.0)
    - "GoogleToolboxForMac/NSString+URLArguments (= 2.2.0)"
  - "GoogleToolboxForMac/NSString+URLArguments (2.2.0)"
  - GoogleUtilities/AppDelegateSwizzler (5.3.7):
    - GoogleUtilities/Environment
    - GoogleUtilities/Logger
    - GoogleUtilities/Network
  - GoogleUtilities/Environment (5.3.7)
  - GoogleUtilities/Logger (5.3.7):
    - GoogleUtilities/Environment
  - GoogleUtilities/MethodSwizzler (5.3.7):
    - GoogleUtilities/Logger
  - GoogleUtilities/Network (5.3.7):
    - GoogleUtilities/Logger
    - "GoogleUtilities/NSData+zlib"
    - GoogleUtilities/Reachability
  - "GoogleUtilities/NSData+zlib (5.3.7)"
  - GoogleUtilities/Reachability (5.3.7):
    - GoogleUtilities/Logger
  - GoogleUtilities/UserDefaults (5.3.7):
    - GoogleUtilities/Logger
  - GTMSessionFetcher/Core (1.2.1)
  - nanopb (0.3.901):
    - nanopb/decode (= 0.3.901)
    - nanopb/encode (= 0.3.901)
  - nanopb/decode (0.3.901)
  - nanopb/encode (0.3.901)
  - ObjectiveDropboxOfficial (3.9.4)
  - React (0.57.8):
    - React/Core (= 0.57.8)
  - react-native-background-timer (2.1.1):
    - React
  - react-native-calendar-events (1.6.4):
    - React
  - react-native-fast-image (5.1.1):
    - FLAnimatedImage
    - React
    - SDWebImage/Core
    - SDWebImage/GIF
  - react-native-keep-awake (4.0.0):
    - React
  - react-native-webrtc (1.67.1):
    - React
  - React/Core (0.57.8):
    - yoga (= 0.57.8.React)
  - React/CxxBridge (0.57.8):
    - Folly (= 2016.10.31.00)
    - React/Core
    - React/cxxreact
  - React/cxxreact (0.57.8):
    - boost-for-react-native (= 1.63.0)
    - Folly (= 2016.10.31.00)
    - React/jschelpers
    - React/jsinspector
  - React/DevSupport (0.57.8):
    - React/Core
    - React/RCTWebSocket
  - React/fishhook (0.57.8)
  - React/jschelpers (0.57.8):
    - Folly (= 2016.10.31.00)
    - React/PrivateDatabase
  - React/jsinspector (0.57.8)
  - React/PrivateDatabase (0.57.8)
  - React/RCTActionSheet (0.57.8):
    - React/Core
  - React/RCTAnimation (0.57.8):
    - React/Core
  - React/RCTBlob (0.57.8):
    - React/Core
  - React/RCTImage (0.57.8):
    - React/Core
    - React/RCTNetwork
  - React/RCTLinkingIOS (0.57.8):
    - React/Core
  - React/RCTNetwork (0.57.8):
    - React/Core
  - React/RCTText (0.57.8):
    - React/Core
  - React/RCTWebSocket (0.57.8):
    - React/Core
    - React/fishhook
    - React/RCTBlob
  - RNGoogleSignin (1.0.2):
    - GoogleSignIn
    - React
  - RNSound (0.10.9):
    - React/Core
    - RNSound/Core (= 0.10.9)
  - RNSound/Core (0.10.9):
    - React/Core
  - RNVectorIcons (6.0.2):
    - React
  - SDWebImage/Core (4.4.3)
  - SDWebImage/GIF (4.4.3):
    - FLAnimatedImage (~> 1.0)
    - SDWebImage/Core
  - yoga (0.57.8.React)

DEPENDENCIES:
  - Amplitude-iOS (~> 4.0.4)
  - BVLinearGradient (from `../node_modules/react-native-linear-gradient`)
  - Crashlytics
  - DoubleConversion (from `../node_modules/react-native/third-party-podspecs/DoubleConversion.podspec`)
  - Fabric
  - Firebase/Core
  - Firebase/DynamicLinks
  - Folly (from `../node_modules/react-native/third-party-podspecs/Folly.podspec`)
  - glog (from `../node_modules/react-native/third-party-podspecs/glog.podspec`)
  - ObjectiveDropboxOfficial
  - react-native-background-timer (from `../node_modules/react-native-background-timer`)
  - react-native-calendar-events (from `../node_modules/react-native-calendar-events`)
  - react-native-fast-image (from `../node_modules/react-native-fast-image`)
  - react-native-keep-awake (from `../node_modules/react-native-keep-awake`)
  - react-native-webrtc (from `../node_modules/react-native-webrtc`)
  - React/Core (from `../node_modules/react-native`)
  - React/CxxBridge (from `../node_modules/react-native`)
  - React/DevSupport (from `../node_modules/react-native`)
  - React/RCTActionSheet (from `../node_modules/react-native`)
  - React/RCTAnimation (from `../node_modules/react-native`)
  - React/RCTImage (from `../node_modules/react-native`)
  - React/RCTLinkingIOS (from `../node_modules/react-native`)
  - React/RCTNetwork (from `../node_modules/react-native`)
  - React/RCTText (from `../node_modules/react-native`)
  - React/RCTWebSocket (from `../node_modules/react-native`)
  - RNGoogleSignin (from `../node_modules/react-native-google-signin`)
  - RNSound (from `../node_modules/react-native-sound`)
  - RNVectorIcons (from `../node_modules/react-native-vector-icons`)
  - yoga (from `../node_modules/react-native/ReactCommon/yoga`)

SPEC REPOS:
  https://github.com/cocoapods/specs.git:
    - Amplitude-iOS
    - boost-for-react-native
    - Crashlytics
    - Fabric
    - Firebase
    - FirebaseAnalytics
    - FirebaseAnalyticsInterop
    - FirebaseCore
    - FirebaseDynamicLinks
    - FirebaseInstanceID
    - FLAnimatedImage
    - GoogleAppMeasurement
    - GoogleSignIn
    - GoogleToolboxForMac
    - GoogleUtilities
    - GTMSessionFetcher
    - nanopb
    - ObjectiveDropboxOfficial
    - SDWebImage

EXTERNAL SOURCES:
  BVLinearGradient:
    :path: "../node_modules/react-native-linear-gradient"
  DoubleConversion:
    :podspec: "../node_modules/react-native/third-party-podspecs/DoubleConversion.podspec"
  Folly:
    :podspec: "../node_modules/react-native/third-party-podspecs/Folly.podspec"
  glog:
    :podspec: "../node_modules/react-native/third-party-podspecs/glog.podspec"
  React:
    :path: "../node_modules/react-native"
  react-native-background-timer:
    :path: "../node_modules/react-native-background-timer"
  react-native-calendar-events:
    :path: "../node_modules/react-native-calendar-events"
  react-native-fast-image:
    :path: "../node_modules/react-native-fast-image"
  react-native-keep-awake:
    :path: "../node_modules/react-native-keep-awake"
  react-native-webrtc:
    :path: "../node_modules/react-native-webrtc"
  RNGoogleSignin:
    :path: "../node_modules/react-native-google-signin"
  RNSound:
    :path: "../node_modules/react-native-sound"
  RNVectorIcons:
    :path: "../node_modules/react-native-vector-icons"
  yoga:
    :path: "../node_modules/react-native/ReactCommon/yoga"

SPEC CHECKSUMS:
  Amplitude-iOS: 2ad4d7270c99186236c1272a3a9425463b1ae1a7
  boost-for-react-native: 39c7adb57c4e60d6c5479dd8623128eb5b3f0f2c
  BVLinearGradient: 0d985ec461359c82bc254f26d11008bdae50d17a
  Crashlytics: 07fb167b1694128c1c9a5a5cc319b0e9c3ca0933
  DoubleConversion: bb338842f62ab1d708ceb63ec3d999f0f3d98ecd
  Fabric: f988e33c97f08930a413e08123064d2e5f68d655
  Firebase: 8bb9268bff82374f2cbaaabb143e725743c316ae
  FirebaseAnalytics: c06f9d70577d79074214700a71fd5d39de5550fb
  FirebaseAnalyticsInterop: e5f21be9af6548372e2f0815834ff909bff395a2
  FirebaseCore: 35747502d9e8c6ee217385ad04446c7c2aaf9c5c
  FirebaseDynamicLinks: c713da5f75c324f38fb2d57164bbc1c461aa6739
  FirebaseInstanceID: e2fa4cb35ef5558c200f7f0ad8a53e212215f93e
  FLAnimatedImage: 4a0b56255d9b05f18b6dd7ee06871be5d3b89e31
  Folly: c89ac2d5c6ab169cd7397ef27485c44f35f742c7
  glog: e8acf0ebbf99759d3ff18c86c292a5898282dcde
  GoogleAppMeasurement: 98b71f5e04142793729a5ef23e5b96651ff4b70f
  GoogleSignIn: 7ff245e1a7b26d379099d3243a562f5747e23d39
  GoogleToolboxForMac: ff31605b7d66400dcec09bed5861689aebadda4d
  GoogleUtilities: 111a012f4c3a29c9e7c954c082fafd6ee3c999c0
  GTMSessionFetcher: 32aeca0aa144acea523e1c8e053089dec2cb98ca
  nanopb: 2901f78ea1b7b4015c860c2fdd1ea2fee1a18d48
  ObjectiveDropboxOfficial: a5afefc83f6467c42c45f2253f583f2ad1ffc701
  React: adbac0757ce35e92fbd447ab98c810209d27d9b0
  react-native-background-timer: 0d34748e53a972507c66963490c775321a88f6f2
  react-native-calendar-events: ee9573e355711ac679e071be70789542431f4ce3
  react-native-fast-image: 47487b71169aea34868e7b38bf870b6b3f2157c5
  react-native-keep-awake: eba3137546b10003361b37c761f6c429b59814ae
  react-native-webrtc: 7152e789c1efefb695fe1166bd9432eff2afd8ac
  RNGoogleSignin: 361174d9a3090d295b06257162b560d8efc8a6ed
  RNSound: 53d2fc9c6589bd68daba530262b7560393def3ac
  RNVectorIcons: d819334932bcda3332deb3d2c8ea4d069e0b98f9
  SDWebImage: c5594f1a19c48d526d321e548902b56b479cd508
  yoga: 74cdf036c30820443b25ade59916236b1e95ee93

PODFILE CHECKSUM: b300161e95d65c24b91368803afb8873f4b873cc

COCOAPODS: 1.6.1
